
Microsoft Visual Studio Solution File, Format Version 12.00
# Visual Studio Version 18
VisualStudioVersion = 18.2.11415.280
MinimumVisualStudioVersion = 10.0.40219.1
Project("{9A19103F-16F7-4668-BE54-9A1E7A4F7556}") = "Amber.Common", "Amber.Common\Amber.Common.csproj", "{180DB63E-361F-4FD8-8855-7B13C4781A0C}"
EndProject
Project("{9A19103F-16F7-4668-BE54-9A1E7A4F7556}") = "Amber.Renderer.Common", "Amber.Renderer.Common\Amber.Renderer.Common.csproj", "{46FD071F-01D7-4394-B980-4F0BA04553F5}"
EndProject
Project("{9A19103F-16F7-4668-BE54-9A1E7A4F7556}") = "Amber.IO.Common", "Amber.IO.Common\Amber.IO.Common.csproj", "{97DDF832-E1F7-4766-8EC5-79ADEDD15FE6}"
EndProject
Project("{9A19103F-16F7-4668-BE54-9A1E7A4F7556}") = "Amber.IO.FileFormats", "Amber.IO.FileFormats\Amber.IO.FileFormats.csproj", "{6400940D-EF24-4793-ACDD-0DCE4500165F}"
EndProject
Project("{9A19103F-16F7-4668-BE54-9A1E7A4F7556}") = "Amber.Assets.Common", "Amber.Assets.Common\Amber.Assets.Common.csproj", "{7AC4AE1B-F5BE-480C-B117-01F8F758D0B2}"
EndProject
Project("{9A19103F-16F7-4668-BE54-9A1E7A4F7556}") = "Amber.IO.FileSystem", "Amber.IO.FileSystem\Amber.IO.FileSystem.csproj", "{03DD958E-026B-4C1D-97EB-B2E48B422A3D}"
EndProject
Project("{2150E333-8FDC-42A3-9474-1A3956D46DE8}") = "Solution Items", "Solution Items", "{EE2EBD77-02EF-4E8A-9B58-41361AC80B00}"
	ProjectSection(SolutionItems) = preProject
		README.md = README.md
	EndProjectSection
EndProject
Project("{9A19103F-16F7-4668-BE54-9A1E7A4F7556}") = "Amber.Renderer.OpenGL", "Amber.Renderer.OpenGL\Amber.Renderer.OpenGL.csproj", "{BFAA9D88-A9C6-4C0B-B715-B64E5B0E89C1}"
EndProject
Project("{FAE04EC0-301F-11D3-BF4B-00C04F79EFBC}") = "Amber.Audio.OpenAL", "Amber.Audio.OpenAL\Amber.Audio.OpenAL.csproj", "{8081F300-2444-B855-3C4F-DDBB9DC34D70}"
EndProject
Project("{FAE04EC0-301F-11D3-BF4B-00C04F79EFBC}") = "Amber.Audio.Common", "Amber.Audio.Common\Amber.Audio.Common.csproj", "{8AB20A1F-9C72-43B8-9205-0E6B8B2FD20B}"
EndProject
Project("{FAE04EC0-301F-11D3-BF4B-00C04F79EFBC}") = "AmberIslandTools", "AmberIslandTools\AmberIslandTools.csproj", "{6F5FC026-78B2-49C0-9193-43D1E5C20984}"
EndProject
Project("{FAE04EC0-301F-11D3-BF4B-00C04F79EFBC}") = "AmberIsland.Game", "AmberIsland.Game\AmberIsland.Game.csproj", "{E28E9E5B-ECE5-EF93-7688-843698AED6BD}"
EndProject
Project("{FAE04EC0-301F-11D3-BF4B-00C04F79EFBC}") = "AmberIsland", "AmberIsland\AmberIsland.csproj", "{6ACE7EC5-A744-AF7B-3359-A493949ED71C}"
EndProject
Project("{FAE04EC0-301F-11D3-BF4B-00C04F79EFBC}") = "AmberIsland.GameData", "AmberIsland.GameData\AmberIsland.GameData.csproj", "{4CABEF67-0105-4B9C-8215-CECEEA796DA1}"
EndProject
Project("{FAE04EC0-301F-11D3-BF4B-00C04F79EFBC}") = "AmberIslandSpriteViewer", "AmberIslandSpriteViewer\AmberIslandSpriteViewer.csproj", "{62AD3AA7-AD68-4B02-8AC7-76FDBC72DBE1}"
EndProject
Project("{FAE04EC0-301F-11D3-BF4B-00C04F79EFBC}") = "AmberIslandMapEditor", "AmberIslandMapEditor\AmberIslandMapEditor.csproj", "{270C7C6F-8E94-4362-A841-9038AC2BE028}"
EndProject
Project("{FAE04EC0-301F-11D3-BF4B-00C04F79EFBC}") = "AmberIslandContainerPacker", "AmberIslandContainerPacker\AmberIslandContainerPacker.csproj", "{D2ECAB7E-3698-4FA2-823E-AA5255F8B867}"
EndProject
Project("{FAE04EC0-301F-11D3-BF4B-00C04F79EFBC}") = "AmberIslandTilesetEditor", "AmberIslandTilesetEditor\AmberIslandTilesetEditor.csproj", "{D5B2B714-03C1-4B17-BC35-232E5CCE59C6}"
EndProject
Project("{FAE04EC0-301F-11D3-BF4B-00C04F79EFBC}") = "AmberIslandActorAtlasMerger", "AmberIslandActorAtlasMerger\AmberIslandActorAtlasMerger.csproj", "{EAA65CC2-D2C7-EC49-3A02-0EA120C08429}"
EndProject
Project("{FAE04EC0-301F-11D3-BF4B-00C04F79EFBC}") = "AmberIslandAssetBuilder", "AmberIslandAssetBuilder\AmberIslandAssetBuilder.csproj", "{39B6514E-E022-4998-82D7-F9A932B66152}"
EndProject
Project("{FAE04EC0-301F-11D3-BF4B-00C04F79EFBC}") = "AmberIslandFontAtlas", "AmberIslandFontAtlas\AmberIslandFontAtlas.csproj", "{CDED7AA6-18C7-E66B-003A-802571994B94}"
EndProject
Project("{FAE04EC0-301F-11D3-BF4B-00C04F79EFBC}") = "AmberIslandTerrainEditor", "AmberIslandTerrainEditor\AmberIslandTerrainEditor.csproj", "{BF90D90F-CE58-458D-BFA8-003A14D52CF5}"
EndProject
Global
	GlobalSection(SolutionConfigurationPlatforms) = preSolution
		Debug|Any CPU = Debug|Any CPU
		Debug|x64 = Debug|x64
		Debug|x86 = Debug|x86
		DebugAndroid|Any CPU = DebugAndroid|Any CPU
		DebugAndroid|x64 = DebugAndroid|x64
		DebugAndroid|x86 = DebugAndroid|x86
		DebugES|Any CPU = DebugES|Any CPU
		DebugES|x64 = DebugES|x64
		DebugES|x86 = DebugES|x86
		Release|Any CPU = Release|Any CPU
		Release|x64 = Release|x64
		Release|x86 = Release|x86
		ReleaseAndroid|Any CPU = ReleaseAndroid|Any CPU
		ReleaseAndroid|x64 = ReleaseAndroid|x64
		ReleaseAndroid|x86 = ReleaseAndroid|x86
		ReleaseES|Any CPU = ReleaseES|Any CPU
		ReleaseES|x64 = ReleaseES|x64
		ReleaseES|x86 = ReleaseES|x86
	EndGlobalSection
	GlobalSection(ProjectConfigurationPlatforms) = postSolution
		{180DB63E-361F-4FD8-8855-7B13C4781A0C}.Debug|Any CPU.ActiveCfg = Debug|Any CPU
		{180DB63E-361F-4FD8-8855-7B13C4781A0C}.Debug|Any CPU.Build.0 = Debug|Any CPU
		{180DB63E-361F-4FD8-8855-7B13C4781A0C}.Debug|x64.ActiveCfg = Debug|Any CPU
		{180DB63E-361F-4FD8-8855-7B13C4781A0C}.Debug|x64.Build.0 = Debug|Any CPU
		{180DB63E-361F-4FD8-8855-7B13C4781A0C}.Debug|x86.ActiveCfg = Debug|Any CPU
		{180DB63E-361F-4FD8-8855-7B13C4781A0C}.Debug|x86.Build.0 = Debug|Any CPU
		{180DB63E-361F-4FD8-8855-7B13C4781A0C}.DebugAndroid|Any CPU.ActiveCfg = DebugAndroid|Any CPU
		{180DB63E-361F-4FD8-8855-7B13C4781A0C}.DebugAndroid|Any CPU.Build.0 = DebugAndroid|Any CPU
		{180DB63E-361F-4FD8-8855-7B13C4781A0C}.DebugAndroid|x64.ActiveCfg = DebugAndroid|Any CPU
		{180DB63E-361F-4FD8-8855-7B13C4781A0C}.DebugAndroid|x64.Build.0 = DebugAndroid|Any CPU
		{180DB63E-361F-4FD8-8855-7B13C4781A0C}.DebugAndroid|x86.ActiveCfg = DebugAndroid|Any CPU
		{180DB63E-361F-4FD8-8855-7B13C4781A0C}.DebugAndroid|x86.Build.0 = DebugAndroid|Any CPU
		{180DB63E-361F-4FD8-8855-7B13C4781A0C}.DebugES|Any CPU.ActiveCfg = DebugAndroid|Any CPU
		{180DB63E-361F-4FD8-8855-7B13C4781A0C}.DebugES|Any CPU.Build.0 = DebugAndroid|Any CPU
		{180DB63E-361F-4FD8-8855-7B13C4781A0C}.DebugES|x64.ActiveCfg = DebugES|Any CPU
		{180DB63E-361F-4FD8-8855-7B13C4781A0C}.DebugES|x64.Build.0 = DebugES|Any CPU
		{180DB63E-361F-4FD8-8855-7B13C4781A0C}.DebugES|x86.ActiveCfg = DebugES|Any CPU
		{180DB63E-361F-4FD8-8855-7B13C4781A0C}.DebugES|x86.Build.0 = DebugES|Any CPU
		{180DB63E-361F-4FD8-8855-7B13C4781A0C}.Release|Any CPU.ActiveCfg = Release|Any CPU
		{180DB63E-361F-4FD8-8855-7B13C4781A0C}.Release|Any CPU.Build.0 = Release|Any CPU
		{180DB63E-361F-4FD8-8855-7B13C4781A0C}.Release|x64.ActiveCfg = Release|Any CPU
		{180DB63E-361F-4FD8-8855-7B13C4781A0C}.Release|x64.Build.0 = Release|Any CPU
		{180DB63E-361F-4FD8-8855-7B13C4781A0C}.Release|x86.ActiveCfg = Release|Any CPU
		{180DB63E-361F-4FD8-8855-7B13C4781A0C}.Release|x86.Build.0 = Release|Any CPU
		{180DB63E-361F-4FD8-8855-7B13C4781A0C}.ReleaseAndroid|Any CPU.ActiveCfg = ReleaseAndroid|Any CPU
		{180DB63E-361F-4FD8-8855-7B13C4781A0C}.ReleaseAndroid|Any CPU.Build.0 = ReleaseAndroid|Any CPU
		{180DB63E-361F-4FD8-8855-7B13C4781A0C}.ReleaseAndroid|x64.ActiveCfg = ReleaseAndroid|Any CPU
		{180DB63E-361F-4FD8-8855-7B13C4781A0C}.ReleaseAndroid|x64.Build.0 = ReleaseAndroid|Any CPU
		{180DB63E-361F-4FD8-8855-7B13C4781A0C}.ReleaseAndroid|x86.ActiveCfg = ReleaseAndroid|Any CPU
		{180DB63E-361F-4FD8-8855-7B13C4781A0C}.ReleaseAndroid|x86.Build.0 = ReleaseAndroid|Any CPU
		{180DB63E-361F-4FD8-8855-7B13C4781A0C}.ReleaseES|Any CPU.ActiveCfg = ReleaseAndroid|Any CPU
		{180DB63E-361F-4FD8-8855-7B13C4781A0C}.ReleaseES|Any CPU.Build.0 = ReleaseAndroid|Any CPU
		{180DB63E-361F-4FD8-8855-7B13C4781A0C}.ReleaseES|x64.ActiveCfg = ReleaseES|Any CPU
		{180DB63E-361F-4FD8-8855-7B13C4781A0C}.ReleaseES|x64.Build.0 = ReleaseES|Any CPU
		{180DB63E-361F-4FD8-8855-7B13C4781A0C}.ReleaseES|x86.ActiveCfg = ReleaseES|Any CPU
		{180DB63E-361F-4FD8-8855-7B13C4781A0C}.ReleaseES|x86.Build.0 = ReleaseES|Any CPU
		{46FD071F-01D7-4394-B980-4F0BA04553F5}.Debug|Any CPU.ActiveCfg = Debug|Any CPU
		{46FD071F-01D7-4394-B980-4F0BA04553F5}.Debug|Any CPU.Build.0 = Debug|Any CPU
		{46FD071F-01D7-4394-B980-4F0BA04553F5}.Debug|x64.ActiveCfg = Debug|Any CPU
		{46FD071F-01D7-4394-B980-4F0BA04553F5}.Debug|x64.Build.0 = Debug|Any CPU
		{46FD071F-01D7-4394-B980-4F0BA04553F5}.Debug|x86.ActiveCfg = Debug|Any CPU
		{46FD071F-01D7-4394-B980-4F0BA04553F5}.Debug|x86.Build.0 = Debug|Any CPU
		{46FD071F-01D7-4394-B980-4F0BA04553F5}.DebugAndroid|Any CPU.ActiveCfg = DebugAndroid|Any CPU
		{46FD071F-01D7-4394-B980-4F0BA04553F5}.DebugAndroid|Any CPU.Build.0 = DebugAndroid|Any CPU
		{46FD071F-01D7-4394-B980-4F0BA04553F5}.DebugAndroid|x64.ActiveCfg = DebugAndroid|Any CPU
		{46FD071F-01D7-4394-B980-4F0BA04553F5}.DebugAndroid|x64.Build.0 = DebugAndroid|Any CPU
		{46FD071F-01D7-4394-B980-4F0BA04553F5}.DebugAndroid|x86.ActiveCfg = DebugAndroid|Any CPU
		{46FD071F-01D7-4394-B980-4F0BA04553F5}.DebugAndroid|x86.Build.0 = DebugAndroid|Any CPU
		{46FD071F-01D7-4394-B980-4F0BA04553F5}.DebugES|Any CPU.ActiveCfg = DebugAndroid|Any CPU
		{46FD071F-01D7-4394-B980-4F0BA04553F5}.DebugES|Any CPU.Build.0 = DebugAndroid|Any CPU
		{46FD071F-01D7-4394-B980-4F0BA04553F5}.DebugES|x64.ActiveCfg = DebugES|Any CPU
		{46FD071F-01D7-4394-B980-4F0BA04553F5}.DebugES|x64.Build.0 = DebugES|Any CPU
		{46FD071F-01D7-4394-B980-4F0BA04553F5}.DebugES|x86.ActiveCfg = DebugES|Any CPU
		{46FD071F-01D7-4394-B980-4F0BA04553F5}.DebugES|x86.Build.0 = DebugES|Any CPU
		{46FD071F-01D7-4394-B980-4F0BA04553F5}.Release|Any CPU.ActiveCfg = Release|Any CPU
		{46FD071F-01D7-4394-B980-4F0BA04553F5}.Release|Any CPU.Build.0 = Release|Any CPU
		{46FD071F-01D7-4394-B980-4F0BA04553F5}.Release|x64.ActiveCfg = Release|Any CPU
		{46FD071F-01D7-4394-B980-4F0BA04553F5}.Release|x64.Build.0 = Release|Any CPU
		{46FD071F-01D7-4394-B980-4F0BA04553F5}.Release|x86.ActiveCfg = Release|Any CPU
		{46FD071F-01D7-4394-B980-4F0BA04553F5}.Release|x86.Build.0 = Release|Any CPU
		{46FD071F-01D7-4394-B980-4F0BA04553F5}.ReleaseAndroid|Any CPU.ActiveCfg = ReleaseAndroid|Any CPU
		{46FD071F-01D7-4394-B980-4F0BA04553F5}.ReleaseAndroid|Any CPU.Build.0 = ReleaseAndroid|Any CPU
		{46FD071F-01D7-4394-B980-4F0BA04553F5}.ReleaseAndroid|x64.ActiveCfg = ReleaseAndroid|Any CPU
		{46FD071F-01D7-4394-B980-4F0BA04553F5}.ReleaseAndroid|x64.Build.0 = ReleaseAndroid|Any CPU
		{46FD071F-01D7-4394-B980-4F0BA04553F5}.ReleaseAndroid|x86.ActiveCfg = ReleaseAndroid|Any CPU
		{46FD071F-01D7-4394-B980-4F0BA04553F5}.ReleaseAndroid|x86.Build.0 = ReleaseAndroid|Any CPU
		{46FD071F-01D7-4394-B980-4F0BA04553F5}.ReleaseES|Any CPU.ActiveCfg = ReleaseAndroid|Any CPU
		{46FD071F-01D7-4394-B980-4F0BA04553F5}.ReleaseES|Any CPU.Build.0 = ReleaseAndroid|Any CPU
		{46FD071F-01D7-4394-B980-4F0BA04553F5}.ReleaseES|x64.ActiveCfg = ReleaseES|Any CPU
		{46FD071F-01D7-4394-B980-4F0BA04553F5}.ReleaseES|x64.Build.0 = ReleaseES|Any CPU
		{46FD071F-01D7-4394-B980-4F0BA04553F5}.ReleaseES|x86.ActiveCfg = ReleaseES|Any CPU
		{46FD071F-01D7-4394-B980-4F0BA04553F5}.ReleaseES|x86.Build.0 = ReleaseES|Any CPU
		{97DDF832-E1F7-4766-8EC5-79ADEDD15FE6}.Debug|Any CPU.ActiveCfg = Debug|Any CPU
		{97DDF832-E1F7-4766-8EC5-79ADEDD15FE6}.Debug|Any CPU.Build.0 = Debug|Any CPU
		{97DDF832-E1F7-4766-8EC5-79ADEDD15FE6}.Debug|x64.ActiveCfg = Debug|Any CPU
		{97DDF832-E1F7-4766-8EC5-79ADEDD15FE6}.Debug|x64.Build.0 = Debug|Any CPU
		{97DDF832-E1F7-4766-8EC5-79ADEDD15FE6}.Debug|x86.ActiveCfg = Debug|Any CPU
		{97DDF832-E1F7-4766-8EC5-79ADEDD15FE6}.Debug|x86.Build.0 = Debug|Any CPU
		{97DDF832-E1F7-4766-8EC5-79ADEDD15FE6}.DebugAndroid|Any CPU.ActiveCfg = DebugAndroid|Any CPU
		{97DDF832-E1F7-4766-8EC5-79ADEDD15FE6}.DebugAndroid|Any CPU.Build.0 = DebugAndroid|Any CPU
		{97DDF832-E1F7-4766-8EC5-79ADEDD15FE6}.DebugAndroid|x64.ActiveCfg = DebugAndroid|Any CPU
		{97DDF832-E1F7-4766-8EC5-79ADEDD15FE6}.DebugAndroid|x64.Build.0 = DebugAndroid|Any CPU
		{97DDF832-E1F7-4766-8EC5-79ADEDD15FE6}.DebugAndroid|x86.ActiveCfg = DebugAndroid|Any CPU
		{97DDF832-E1F7-4766-8EC5-79ADEDD15FE6}.DebugAndroid|x86.Build.0 = DebugAndroid|Any CPU
		{97DDF832-E1F7-4766-8EC5-79ADEDD15FE6}.DebugES|Any CPU.ActiveCfg = DebugAndroid|Any CPU
		{97DDF832-E1F7-4766-8EC5-79ADEDD15FE6}.DebugES|Any CPU.Build.0 = DebugAndroid|Any CPU
		{97DDF832-E1F7-4766-8EC5-79ADEDD15FE6}.DebugES|x64.ActiveCfg = DebugES|Any CPU
		{97DDF832-E1F7-4766-8EC5-79ADEDD15FE6}.DebugES|x64.Build.0 = DebugES|Any CPU
		{97DDF832-E1F7-4766-8EC5-79ADEDD15FE6}.DebugES|x86.ActiveCfg = DebugES|Any CPU
		{97DDF832-E1F7-4766-8EC5-79ADEDD15FE6}.DebugES|x86.Build.0 = DebugES|Any CPU
		{97DDF832-E1F7-4766-8EC5-79ADEDD15FE6}.Release|Any CPU.ActiveCfg = Release|Any CPU
		{97DDF832-E1F7-4766-8EC5-79ADEDD15FE6}.Release|Any CPU.Build.0 = Release|Any CPU
		{97DDF832-E1F7-4766-8EC5-79ADEDD15FE6}.Release|x64.ActiveCfg = Release|Any CPU
		{97DDF832-E1F7-4766-8EC5-79ADEDD15FE6}.Release|x64.Build.0 = Release|Any CPU
		{97DDF832-E1F7-4766-8EC5-79ADEDD15FE6}.Release|x86.ActiveCfg = Release|Any CPU
		{97DDF832-E1F7-4766-8EC5-79ADEDD15FE6}.Release|x86.Build.0 = Release|Any CPU
		{97DDF832-E1F7-4766-8EC5-79ADEDD15FE6}.ReleaseAndroid|Any CPU.ActiveCfg = ReleaseAndroid|Any CPU
		{97DDF832-E1F7-4766-8EC5-79ADEDD15FE6}.ReleaseAndroid|Any CPU.Build.0 = ReleaseAndroid|Any CPU
		{97DDF832-E1F7-4766-8EC5-79ADEDD15FE6}.ReleaseAndroid|x64.ActiveCfg = ReleaseAndroid|Any CPU
		{97DDF832-E1F7-4766-8EC5-79ADEDD15FE6}.ReleaseAndroid|x64.Build.0 = ReleaseAndroid|Any CPU
		{97DDF832-E1F7-4766-8EC5-79ADEDD15FE6}.ReleaseAndroid|x86.ActiveCfg = ReleaseAndroid|Any CPU
		{97DDF832-E1F7-4766-8EC5-79ADEDD15FE6}.ReleaseAndroid|x86.Build.0 = ReleaseAndroid|Any CPU
		{97DDF832-E1F7-4766-8EC5-79ADEDD15FE6}.ReleaseES|Any CPU.ActiveCfg = ReleaseAndroid|Any CPU
		{97DDF832-E1F7-4766-8EC5-79ADEDD15FE6}.ReleaseES|Any CPU.Build.0 = ReleaseAndroid|Any CPU
		{97DDF832-E1F7-4766-8EC5-79ADEDD15FE6}.ReleaseES|x64.ActiveCfg = ReleaseES|Any CPU
		{97DDF832-E1F7-4766-8EC5-79ADEDD15FE6}.ReleaseES|x64.Build.0 = ReleaseES|Any CPU
		{97DDF832-E1F7-4766-8EC5-79ADEDD15FE6}.ReleaseES|x86.ActiveCfg = ReleaseES|Any CPU
		{97DDF832-E1F7-4766-8EC5-79ADEDD15FE6}.ReleaseES|x86.Build.0 = ReleaseES|Any CPU
		{6400940D-EF24-4793-ACDD-0DCE4500165F}.Debug|Any CPU.ActiveCfg = Debug|Any CPU
		{6400940D-EF24-4793-ACDD-0DCE4500165F}.Debug|Any CPU.Build.0 = Debug|Any CPU
		{6400940D-EF24-4793-ACDD-0DCE4500165F}.Debug|x64.ActiveCfg = Debug|Any CPU
		{6400940D-EF24-4793-ACDD-0DCE4500165F}.Debug|x64.Build.0 = Debug|Any CPU
		{6400940D-EF24-4793-ACDD-0DCE4500165F}.Debug|x86.ActiveCfg = Debug|Any CPU
		{6400940D-EF24-4793-ACDD-0DCE4500165F}.Debug|x86.Build.0 = Debug|Any CPU
		{6400940D-EF24-4793-ACDD-0DCE4500165F}.DebugAndroid|Any CPU.ActiveCfg = DebugAndroid|Any CPU
		{6400940D-EF24-4793-ACDD-0DCE4500165F}.DebugAndroid|Any CPU.Build.0 = DebugAndroid|Any CPU
		{6400940D-EF24-4793-ACDD-0DCE4500165F}.DebugAndroid|x64.ActiveCfg = DebugAndroid|Any CPU
		{6400940D-EF24-4793-ACDD-0DCE4500165F}.DebugAndroid|x64.Build.0 = DebugAndroid|Any CPU
		{6400940D-EF24-4793-ACDD-0DCE4500165F}.DebugAndroid|x86.ActiveCfg = DebugAndroid|Any CPU
		{6400940D-EF24-4793-ACDD-0DCE4500165F}.DebugAndroid|x86.Build.0 = DebugAndroid|Any CPU
		{6400940D-EF24-4793-ACDD-0DCE4500165F}.DebugES|Any CPU.ActiveCfg = DebugAndroid|Any CPU
		{6400940D-EF24-4793-ACDD-0DCE4500165F}.DebugES|Any CPU.Build.0 = DebugAndroid|Any CPU
		{6400940D-EF24-4793-ACDD-0DCE4500165F}.DebugES|x64.ActiveCfg = DebugES|Any CPU
		{6400940D-EF24-4793-ACDD-0DCE4500165F}.DebugES|x64.Build.0 = DebugES|Any CPU
		{6400940D-EF24-4793-ACDD-0DCE4500165F}.DebugES|x86.ActiveCfg = DebugES|Any CPU
		{6400940D-EF24-4793-ACDD-0DCE4500165F}.DebugES|x86.Build.0 = DebugES|Any CPU
		{6400940D-EF24-4793-ACDD-0DCE4500165F}.Release|Any CPU.ActiveCfg = Release|Any CPU
		{6400940D-EF24-4793-ACDD-0DCE4500165F}.Release|Any CPU.Build.0 = Release|Any CPU
		{6400940D-EF24-4793-ACDD-0DCE4500165F}.Release|x64.ActiveCfg = Release|Any CPU
		{6400940D-EF24-4793-ACDD-0DCE4500165F}.Release|x64.Build.0 = Release|Any CPU
		{6400940D-EF24-4793-ACDD-0DCE4500165F}.Release|x86.ActiveCfg = Release|Any CPU
		{6400940D-EF24-4793-ACDD-0DCE4500165F}.Release|x86.Build.0 = Release|Any CPU
		{6400940D-EF24-4793-ACDD-0DCE4500165F}.ReleaseAndroid|Any CPU.ActiveCfg = ReleaseAndroid|Any CPU
		{6400940D-EF24-4793-ACDD-0DCE4500165F}.ReleaseAndroid|Any CPU.Build.0 = ReleaseAndroid|Any CPU
		{6400940D-EF24-4793-ACDD-0DCE4500165F}.ReleaseAndroid|x64.ActiveCfg = ReleaseAndroid|Any CPU
		{6400940D-EF24-4793-ACDD-0DCE4500165F}.ReleaseAndroid|x64.Build.0 = ReleaseAndroid|Any CPU
		{6400940D-EF24-4793-ACDD-0DCE4500165F}.ReleaseAndroid|x86.ActiveCfg = ReleaseAndroid|Any CPU
		{6400940D-EF24-4793-ACDD-0DCE4500165F}.ReleaseAndroid|x86.Build.0 = ReleaseAndroid|Any CPU
		{6400940D-EF24-4793-ACDD-0DCE4500165F}.ReleaseES|Any CPU.ActiveCfg = ReleaseAndroid|Any CPU
		{6400940D-EF24-4793-ACDD-0DCE4500165F}.ReleaseES|Any CPU.Build.0 = ReleaseAndroid|Any CPU
		{6400940D-EF24-4793-ACDD-0DCE4500165F}.ReleaseES|x64.ActiveCfg = ReleaseES|Any CPU
		{6400940D-EF24-4793-ACDD-0DCE4500165F}.ReleaseES|x64.Build.0 = ReleaseES|Any CPU
		{6400940D-EF24-4793-ACDD-0DCE4500165F}.ReleaseES|x86.ActiveCfg = ReleaseES|Any CPU
		{6400940D-EF24-4793-ACDD-0DCE4500165F}.ReleaseES|x86.Build.0 = ReleaseES|Any CPU
		{7AC4AE1B-F5BE-480C-B117-01F8F758D0B2}.Debug|Any CPU.ActiveCfg = Debug|Any CPU
		{7AC4AE1B-F5BE-480C-B117-01F8F758D0B2}.Debug|Any CPU.Build.0 = Debug|Any CPU
		{7AC4AE1B-F5BE-480C-B117-01F8F758D0B2}.Debug|x64.ActiveCfg = Debug|Any CPU
		{7AC4AE1B-F5BE-480C-B117-01F8F758D0B2}.Debug|x64.Build.0 = Debug|Any CPU
		{7AC4AE1B-F5BE-480C-B117-01F8F758D0B2}.Debug|x86.ActiveCfg = Debug|Any CPU
		{7AC4AE1B-F5BE-480C-B117-01F8F758D0B2}.Debug|x86.Build.0 = Debug|Any CPU
		{7AC4AE1B-F5BE-480C-B117-01F8F758D0B2}.DebugAndroid|Any CPU.ActiveCfg = DebugAndroid|Any CPU
		{7AC4AE1B-F5BE-480C-B117-01F8F758D0B2}.DebugAndroid|Any CPU.Build.0 = DebugAndroid|Any CPU
		{7AC4AE1B-F5BE-480C-B117-01F8F758D0B2}.DebugAndroid|x64.ActiveCfg = DebugAndroid|Any CPU
		{7AC4AE1B-F5BE-480C-B117-01F8F758D0B2}.DebugAndroid|x64.Build.0 = DebugAndroid|Any CPU
		{7AC4AE1B-F5BE-480C-B117-01F8F758D0B2}.DebugAndroid|x86.ActiveCfg = DebugAndroid|Any CPU
		{7AC4AE1B-F5BE-480C-B117-01F8F758D0B2}.DebugAndroid|x86.Build.0 = DebugAndroid|Any CPU
		{7AC4AE1B-F5BE-480C-B117-01F8F758D0B2}.DebugES|Any CPU.ActiveCfg = DebugAndroid|Any CPU
		{7AC4AE1B-F5BE-480C-B117-01F8F758D0B2}.DebugES|Any CPU.Build.0 = DebugAndroid|Any CPU
		{7AC4AE1B-F5BE-480C-B117-01F8F758D0B2}.DebugES|x64.ActiveCfg = DebugES|Any CPU
		{7AC4AE1B-F5BE-480C-B117-01F8F758D0B2}.DebugES|x64.Build.0 = DebugES|Any CPU
		{7AC4AE1B-F5BE-480C-B117-01F8F758D0B2}.DebugES|x86.ActiveCfg = DebugES|Any CPU
		{7AC4AE1B-F5BE-480C-B117-01F8F758D0B2}.DebugES|x86.Build.0 = DebugES|Any CPU
		{7AC4AE1B-F5BE-480C-B117-01F8F758D0B2}.Release|Any CPU.ActiveCfg = Release|Any CPU
		{7AC4AE1B-F5BE-480C-B117-01F8F758D0B2}.Release|Any CPU.Build.0 = Release|Any CPU
		{7AC4AE1B-F5BE-480C-B117-01F8F758D0B2}.Release|x64.ActiveCfg = Release|Any CPU
		{7AC4AE1B-F5BE-480C-B117-01F8F758D0B2}.Release|x64.Build.0 = Release|Any CPU
		{7AC4AE1B-F5BE-480C-B117-01F8F758D0B2}.Release|x86.ActiveCfg = Release|Any CPU
		{7AC4AE1B-F5BE-480C-B117-01F8F758D0B2}.Release|x86.Build.0 = Release|Any CPU
		{7AC4AE1B-F5BE-480C-B117-01F8F758D0B2}.ReleaseAndroid|Any CPU.ActiveCfg = ReleaseAndroid|Any CPU
		{7AC4AE1B-F5BE-480C-B117-01F8F758D0B2}.ReleaseAndroid|Any CPU.Build.0 = ReleaseAndroid|Any CPU
		{7AC4AE1B-F5BE-480C-B117-01F8F758D0B2}.ReleaseAndroid|x64.ActiveCfg = ReleaseAndroid|Any CPU
		{7AC4AE1B-F5BE-480C-B117-01F8F758D0B2}.ReleaseAndroid|x64.Build.0 = ReleaseAndroid|Any CPU
		{7AC4AE1B-F5BE-480C-B117-01F8F758D0B2}.ReleaseAndroid|x86.ActiveCfg = ReleaseAndroid|Any CPU
		{7AC4AE1B-F5BE-480C-B117-01F8F758D0B2}.ReleaseAndroid|x86.Build.0 = ReleaseAndroid|Any CPU
		{7AC4AE1B-F5BE-480C-B117-01F8F758D0B2}.ReleaseES|Any CPU.ActiveCfg = ReleaseAndroid|Any CPU
		{7AC4AE1B-F5BE-480C-B117-01F8F758D0B2}.ReleaseES|Any CPU.Build.0 = ReleaseAndroid|Any CPU
		{7AC4AE1B-F5BE-480C-B117-01F8F758D0B2}.ReleaseES|x64.ActiveCfg = ReleaseES|Any CPU
		{7AC4AE1B-F5BE-480C-B117-01F8F758D0B2}.ReleaseES|x64.Build.0 = ReleaseES|Any CPU
		{7AC4AE1B-F5BE-480C-B117-01F8F758D0B2}.ReleaseES|x86.ActiveCfg = ReleaseES|Any CPU
		{7AC4AE1B-F5BE-480C-B117-01F8F758D0B2}.ReleaseES|x86.Build.0 = ReleaseES|Any CPU
		{03DD958E-026B-4C1D-97EB-B2E48B422A3D}.Debug|Any CPU.ActiveCfg = Debug|Any CPU
		{03DD958E-026B-4C1D-97EB-B2E48B422A3D}.Debug|Any CPU.Build.0 = Debug|Any CPU
		{03DD958E-026B-4C1D-97EB-B2E48B422A3D}.Debug|x64.ActiveCfg = Debug|Any CPU
		{03DD958E-026B-4C1D-97EB-B2E48B422A3D}.Debug|x64.Build.0 = Debug|Any CPU
		{03DD958E-026B-4C1D-97EB-B2E48B422A3D}.Debug|x86.ActiveCfg = Debug|Any CPU
		{03DD958E-026B-4C1D-97EB-B2E48B422A3D}.Debug|x86.Build.0 = Debug|Any CPU
		{03DD958E-026B-4C1D-97EB-B2E48B422A3D}.DebugAndroid|Any CPU.ActiveCfg = DebugAndroid|Any CPU
		{03DD958E-026B-4C1D-97EB-B2E48B422A3D}.DebugAndroid|Any CPU.Build.0 = DebugAndroid|Any CPU
		{03DD958E-026B-4C1D-97EB-B2E48B422A3D}.DebugAndroid|x64.ActiveCfg = DebugAndroid|Any CPU
		{03DD958E-026B-4C1D-97EB-B2E48B422A3D}.DebugAndroid|x64.Build.0 = DebugAndroid|Any CPU
		{03DD958E-026B-4C1D-97EB-B2E48B422A3D}.DebugAndroid|x86.ActiveCfg = DebugAndroid|Any CPU
		{03DD958E-026B-4C1D-97EB-B2E48B422A3D}.DebugAndroid|x86.Build.0 = DebugAndroid|Any CPU
		{03DD958E-026B-4C1D-97EB-B2E48B422A3D}.DebugES|Any CPU.ActiveCfg = DebugAndroid|Any CPU
		{03DD958E-026B-4C1D-97EB-B2E48B422A3D}.DebugES|Any CPU.Build.0 = DebugAndroid|Any CPU
		{03DD958E-026B-4C1D-97EB-B2E48B422A3D}.DebugES|x64.ActiveCfg = DebugES|Any CPU
		{03DD958E-026B-4C1D-97EB-B2E48B422A3D}.DebugES|x64.Build.0 = DebugES|Any CPU
		{03DD958E-026B-4C1D-97EB-B2E48B422A3D}.DebugES|x86.ActiveCfg = DebugES|Any CPU
		{03DD958E-026B-4C1D-97EB-B2E48B422A3D}.DebugES|x86.Build.0 = DebugES|Any CPU
		{03DD958E-026B-4C1D-97EB-B2E48B422A3D}.Release|Any CPU.ActiveCfg = Release|Any CPU
		{03DD958E-026B-4C1D-97EB-B2E48B422A3D}.Release|Any CPU.Build.0 = Release|Any CPU
		{03DD958E-026B-4C1D-97EB-B2E48B422A3D}.Release|x64.ActiveCfg = Release|Any CPU
		{03DD958E-026B-4C1D-97EB-B2E48B422A3D}.Release|x64.Build.0 = Release|Any CPU
		{03DD958E-026B-4C1D-97EB-B2E48B422A3D}.Release|x86.ActiveCfg = Release|Any CPU
		{03DD958E-026B-4C1D-97EB-B2E48B422A3D}.Release|x86.Build.0 = Release|Any CPU
		{03DD958E-026B-4C1D-97EB-B2E48B422A3D}.ReleaseAndroid|Any CPU.ActiveCfg = ReleaseAndroid|Any CPU
		{03DD958E-026B-4C1D-97EB-B2E48B422A3D}.ReleaseAndroid|Any CPU.Build.0 = ReleaseAndroid|Any CPU
		{03DD958E-026B-4C1D-97EB-B2E48B422A3D}.ReleaseAndroid|x64.ActiveCfg = ReleaseAndroid|Any CPU
		{03DD958E-026B-4C1D-97EB-B2E48B422A3D}.ReleaseAndroid|x64.Build.0 = ReleaseAndroid|Any CPU
		{03DD958E-026B-4C1D-97EB-B2E48B422A3D}.ReleaseAndroid|x86.ActiveCfg = ReleaseAndroid|Any CPU
		{03DD958E-026B-4C1D-97EB-B2E48B422A3D}.ReleaseAndroid|x86.Build.0 = ReleaseAndroid|Any CPU
		{03DD958E-026B-4C1D-97EB-B2E48B422A3D}.ReleaseES|Any CPU.ActiveCfg = ReleaseAndroid|Any CPU
		{03DD958E-026B-4C1D-97EB-B2E48B422A3D}.ReleaseES|Any CPU.Build.0 = ReleaseAndroid|Any CPU
		{03DD958E-026B-4C1D-97EB-B2E48B422A3D}.ReleaseES|x64.ActiveCfg = ReleaseES|Any CPU
		{03DD958E-026B-4C1D-97EB-B2E48B422A3D}.ReleaseES|x64.Build.0 = ReleaseES|Any CPU
		{03DD958E-026B-4C1D-97EB-B2E48B422A3D}.ReleaseES|x86.ActiveCfg = ReleaseES|Any CPU
		{03DD958E-026B-4C1D-97EB-B2E48B422A3D}.ReleaseES|x86.Build.0 = ReleaseES|Any CPU
		{BFAA9D88-A9C6-4C0B-B715-B64E5B0E89C1}.Debug|Any CPU.ActiveCfg = Debug|Any CPU
		{BFAA9D88-A9C6-4C0B-B715-B64E5B0E89C1}.Debug|Any CPU.Build.0 = Debug|Any CPU
		{BFAA9D88-A9C6-4C0B-B715-B64E5B0E89C1}.Debug|x64.ActiveCfg = Debug|Any CPU
		{BFAA9D88-A9C6-4C0B-B715-B64E5B0E89C1}.Debug|x64.Build.0 = Debug|Any CPU
		{BFAA9D88-A9C6-4C0B-B715-B64E5B0E89C1}.Debug|x86.ActiveCfg = Debug|Any CPU
		{BFAA9D88-A9C6-4C0B-B715-B64E5B0E89C1}.Debug|x86.Build.0 = Debug|Any CPU
		{BFAA9D88-A9C6-4C0B-B715-B64E5B0E89C1}.DebugAndroid|Any CPU.ActiveCfg = DebugAndroid|Any CPU
		{BFAA9D88-A9C6-4C0B-B715-B64E5B0E89C1}.DebugAndroid|Any CPU.Build.0 = DebugAndroid|Any CPU
		{BFAA9D88-A9C6-4C0B-B715-B64E5B0E89C1}.DebugAndroid|x64.ActiveCfg = DebugAndroid|Any CPU
		{BFAA9D88-A9C6-4C0B-B715-B64E5B0E89C1}.DebugAndroid|x64.Build.0 = DebugAndroid|Any CPU
		{BFAA9D88-A9C6-4C0B-B715-B64E5B0E89C1}.DebugAndroid|x86.ActiveCfg = DebugAndroid|Any CPU
		{BFAA9D88-A9C6-4C0B-B715-B64E5B0E89C1}.DebugAndroid|x86.Build.0 = DebugAndroid|Any CPU
		{BFAA9D88-A9C6-4C0B-B715-B64E5B0E89C1}.DebugES|Any CPU.ActiveCfg = DebugAndroid|Any CPU
		{BFAA9D88-A9C6-4C0B-B715-B64E5B0E89C1}.DebugES|Any CPU.Build.0 = DebugAndroid|Any CPU
		{BFAA9D88-A9C6-4C0B-B715-B64E5B0E89C1}.DebugES|x64.ActiveCfg = DebugES|Any CPU
		{BFAA9D88-A9C6-4C0B-B715-B64E5B0E89C1}.DebugES|x64.Build.0 = DebugES|Any CPU
		{BFAA9D88-A9C6-4C0B-B715-B64E5B0E89C1}.DebugES|x86.ActiveCfg = DebugES|Any CPU
		{BFAA9D88-A9C6-4C0B-B715-B64E5B0E89C1}.DebugES|x86.Build.0 = DebugES|Any CPU
		{BFAA9D88-A9C6-4C0B-B715-B64E5B0E89C1}.Release|Any CPU.ActiveCfg = Release|Any CPU
		{BFAA9D88-A9C6-4C0B-B715-B64E5B0E89C1}.Release|Any CPU.Build.0 = Release|Any CPU
		{BFAA9D88-A9C6-4C0B-B715-B64E5B0E89C1}.Release|x64.ActiveCfg = Release|Any CPU
		{BFAA9D88-A9C6-4C0B-B715-B64E5B0E89C1}.Release|x64.Build.0 = Release|Any CPU
		{BFAA9D88-A9C6-4C0B-B715-B64E5B0E89C1}.Release|x86.ActiveCfg = Release|Any CPU
		{BFAA9D88-A9C6-4C0B-B715-B64E5B0E89C1}.Release|x86.Build.0 = Release|Any CPU
		{BFAA9D88-A9C6-4C0B-B715-B64E5B0E89C1}.ReleaseAndroid|Any CPU.ActiveCfg = ReleaseAndroid|Any CPU
		{BFAA9D88-A9C6-4C0B-B715-B64E5B0E89C1}.ReleaseAndroid|Any CPU.Build.0 = ReleaseAndroid|Any CPU
		{BFAA9D88-A9C6-4C0B-B715-B64E5B0E89C1}.ReleaseAndroid|x64.ActiveCfg = ReleaseAndroid|Any CPU
		{BFAA9D88-A9C6-4C0B-B715-B64E5B0E89C1}.ReleaseAndroid|x64.Build.0 = ReleaseAndroid|Any CPU
		{BFAA9D88-A9C6-4C0B-B715-B64E5B0E89C1}.ReleaseAndroid|x86.ActiveCfg = ReleaseAndroid|Any CPU
		{BFAA9D88-A9C6-4C0B-B715-B64E5B0E89C1}.ReleaseAndroid|x86.Build.0 = ReleaseAndroid|Any CPU
		{BFAA9D88-A9C6-4C0B-B715-B64E5B0E89C1}.ReleaseES|Any CPU.ActiveCfg = ReleaseAndroid|Any CPU
		{BFAA9D88-A9C6-4C0B-B715-B64E5B0E89C1}.ReleaseES|Any CPU.Build.0 = ReleaseAndroid|Any CPU
		{BFAA9D88-A9C6-4C0B-B715-B64E5B0E89C1}.ReleaseES|x64.ActiveCfg = ReleaseES|Any CPU
		{BFAA9D88-A9C6-4C0B-B715-B64E5B0E89C1}.ReleaseES|x64.Build.0 = ReleaseES|Any CPU
		{BFAA9D88-A9C6-4C0B-B715-B64E5B0E89C1}.ReleaseES|x86.ActiveCfg = ReleaseES|Any CPU
		{BFAA9D88-A9C6-4C0B-B715-B64E5B0E89C1}.ReleaseES|x86.Build.0 = ReleaseES|Any CPU
		{8081F300-2444-B855-3C4F-DDBB9DC34D70}.Debug|Any CPU.ActiveCfg = Debug|Any CPU
		{8081F300-2444-B855-3C4F-DDBB9DC34D70}.Debug|Any CPU.Build.0 = Debug|Any CPU
		{8081F300-2444-B855-3C4F-DDBB9DC34D70}.Debug|x64.ActiveCfg = Debug|Any CPU
		{8081F300-2444-B855-3C4F-DDBB9DC34D70}.Debug|x64.Build.0 = Debug|Any CPU
		{8081F300-2444-B855-3C4F-DDBB9DC34D70}.Debug|x86.ActiveCfg = Debug|Any CPU
		{8081F300-2444-B855-3C4F-DDBB9DC34D70}.Debug|x86.Build.0 = Debug|Any CPU
		{8081F300-2444-B855-3C4F-DDBB9DC34D70}.DebugAndroid|Any CPU.ActiveCfg = DebugAndroid|Any CPU
		{8081F300-2444-B855-3C4F-DDBB9DC34D70}.DebugAndroid|Any CPU.Build.0 = DebugAndroid|Any CPU
		{8081F300-2444-B855-3C4F-DDBB9DC34D70}.DebugAndroid|x64.ActiveCfg = DebugAndroid|Any CPU
		{8081F300-2444-B855-3C4F-DDBB9DC34D70}.DebugAndroid|x64.Build.0 = DebugAndroid|Any CPU
		{8081F300-2444-B855-3C4F-DDBB9DC34D70}.DebugAndroid|x86.ActiveCfg = DebugAndroid|Any CPU
		{8081F300-2444-B855-3C4F-DDBB9DC34D70}.DebugAndroid|x86.Build.0 = DebugAndroid|Any CPU
		{8081F300-2444-B855-3C4F-DDBB9DC34D70}.DebugES|Any CPU.ActiveCfg = DebugES|Any CPU
		{8081F300-2444-B855-3C4F-DDBB9DC34D70}.DebugES|Any CPU.Build.0 = DebugES|Any CPU
		{8081F300-2444-B855-3C4F-DDBB9DC34D70}.DebugES|x64.ActiveCfg = DebugES|Any CPU
		{8081F300-2444-B855-3C4F-DDBB9DC34D70}.DebugES|x64.Build.0 = DebugES|Any CPU
		{8081F300-2444-B855-3C4F-DDBB9DC34D70}.DebugES|x86.ActiveCfg = DebugES|Any CPU
		{8081F300-2444-B855-3C4F-DDBB9DC34D70}.DebugES|x86.Build.0 = DebugES|Any CPU
		{8081F300-2444-B855-3C4F-DDBB9DC34D70}.Release|Any CPU.ActiveCfg = Release|Any CPU
		{8081F300-2444-B855-3C4F-DDBB9DC34D70}.Release|Any CPU.Build.0 = Release|Any CPU
		{8081F300-2444-B855-3C4F-DDBB9DC34D70}.Release|x64.ActiveCfg = Release|Any CPU
		{8081F300-2444-B855-3C4F-DDBB9DC34D70}.Release|x64.Build.0 = Release|Any CPU
		{8081F300-2444-B855-3C4F-DDBB9DC34D70}.Release|x86.ActiveCfg = Release|Any CPU
		{8081F300-2444-B855-3C4F-DDBB9DC34D70}.Release|x86.Build.0 = Release|Any CPU
		{8081F300-2444-B855-3C4F-DDBB9DC34D70}.ReleaseAndroid|Any CPU.ActiveCfg = Release|Any CPU
		{8081F300-2444-B855-3C4F-DDBB9DC34D70}.ReleaseAndroid|Any CPU.Build.0 = Release|Any CPU
		{8081F300-2444-B855-3C4F-DDBB9DC34D70}.ReleaseAndroid|x64.ActiveCfg = ReleaseAndroid|Any CPU
		{8081F300-2444-B855-3C4F-DDBB9DC34D70}.ReleaseAndroid|x64.Build.0 = ReleaseAndroid|Any CPU
		{8081F300-2444-B855-3C4F-DDBB9DC34D70}.ReleaseAndroid|x86.ActiveCfg = ReleaseAndroid|Any CPU
		{8081F300-2444-B855-3C4F-DDBB9DC34D70}.ReleaseAndroid|x86.Build.0 = ReleaseAndroid|Any CPU
		{8081F300-2444-B855-3C4F-DDBB9DC34D70}.ReleaseES|Any CPU.ActiveCfg = ReleaseES|Any CPU
		{8081F300-2444-B855-3C4F-DDBB9DC34D70}.ReleaseES|Any CPU.Build.0 = ReleaseES|Any CPU
		{8081F300-2444-B855-3C4F-DDBB9DC34D70}.ReleaseES|x64.ActiveCfg = ReleaseES|Any CPU
		{8081F300-2444-B855-3C4F-DDBB9DC34D70}.ReleaseES|x64.Build.0 = ReleaseES|Any CPU
		{8081F300-2444-B855-3C4F-DDBB9DC34D70}.ReleaseES|x86.ActiveCfg = ReleaseES|Any CPU
		{8081F300-2444-B855-3C4F-DDBB9DC34D70}.ReleaseES|x86.Build.0 = ReleaseES|Any CPU
		{8AB20A1F-9C72-43B8-9205-0E6B8B2FD20B}.Debug|Any CPU.ActiveCfg = Debug|Any CPU
		{8AB20A1F-9C72-43B8-9205-0E6B8B2FD20B}.Debug|Any CPU.Build.0 = Debug|Any CPU
		{8AB20A1F-9C72-43B8-9205-0E6B8B2FD20B}.Debug|x64.ActiveCfg = Debug|Any CPU
		{8AB20A1F-9C72-43B8-9205-0E6B8B2FD20B}.Debug|x64.Build.0 = Debug|Any CPU
		{8AB20A1F-9C72-43B8-9205-0E6B8B2FD20B}.Debug|x86.ActiveCfg = Debug|Any CPU
		{8AB20A1F-9C72-43B8-9205-0E6B8B2FD20B}.Debug|x86.Build.0 = Debug|Any CPU
		{8AB20A1F-9C72-43B8-9205-0E6B8B2FD20B}.DebugAndroid|Any CPU.ActiveCfg = Debug|Any CPU
		{8AB20A1F-9C72-43B8-9205-0E6B8B2FD20B}.DebugAndroid|Any CPU.Build.0 = Debug|Any CPU
		{8AB20A1F-9C72-43B8-9205-0E6B8B2FD20B}.DebugAndroid|x64.ActiveCfg = DebugAndroid|Any CPU
		{8AB20A1F-9C72-43B8-9205-0E6B8B2FD20B}.DebugAndroid|x64.Build.0 = DebugAndroid|Any CPU
		{8AB20A1F-9C72-43B8-9205-0E6B8B2FD20B}.DebugAndroid|x86.ActiveCfg = DebugAndroid|Any CPU
		{8AB20A1F-9C72-43B8-9205-0E6B8B2FD20B}.DebugAndroid|x86.Build.0 = DebugAndroid|Any CPU
		{8AB20A1F-9C72-43B8-9205-0E6B8B2FD20B}.DebugES|Any CPU.ActiveCfg = Debug|Any CPU
		{8AB20A1F-9C72-43B8-9205-0E6B8B2FD20B}.DebugES|Any CPU.Build.0 = Debug|Any CPU
		{8AB20A1F-9C72-43B8-9205-0E6B8B2FD20B}.DebugES|x64.ActiveCfg = DebugES|Any CPU
		{8AB20A1F-9C72-43B8-9205-0E6B8B2FD20B}.DebugES|x64.Build.0 = DebugES|Any CPU
		{8AB20A1F-9C72-43B8-9205-0E6B8B2FD20B}.DebugES|x86.ActiveCfg = DebugES|Any CPU
		{8AB20A1F-9C72-43B8-9205-0E6B8B2FD20B}.DebugES|x86.Build.0 = DebugES|Any CPU
		{8AB20A1F-9C72-43B8-9205-0E6B8B2FD20B}.Release|Any CPU.ActiveCfg = Release|Any CPU
		{8AB20A1F-9C72-43B8-9205-0E6B8B2FD20B}.Release|Any CPU.Build.0 = Release|Any CPU
		{8AB20A1F-9C72-43B8-9205-0E6B8B2FD20B}.Release|x64.ActiveCfg = Release|Any CPU
		{8AB20A1F-9C72-43B8-9205-0E6B8B2FD20B}.Release|x64.Build.0 = Release|Any CPU
		{8AB20A1F-9C72-43B8-9205-0E6B8B2FD20B}.Release|x86.ActiveCfg = Release|Any CPU
		{8AB20A1F-9C72-43B8-9205-0E6B8B2FD20B}.Release|x86.Build.0 = Release|Any CPU
		{8AB20A1F-9C72-43B8-9205-0E6B8B2FD20B}.ReleaseAndroid|Any CPU.ActiveCfg = Release|Any CPU
		{8AB20A1F-9C72-43B8-9205-0E6B8B2FD20B}.ReleaseAndroid|Any CPU.Build.0 = Release|Any CPU
		{8AB20A1F-9C72-43B8-9205-0E6B8B2FD20B}.ReleaseAndroid|x64.ActiveCfg = ReleaseAndroid|Any CPU
		{8AB20A1F-9C72-43B8-9205-0E6B8B2FD20B}.ReleaseAndroid|x64.Build.0 = ReleaseAndroid|Any CPU
		{8AB20A1F-9C72-43B8-9205-0E6B8B2FD20B}.ReleaseAndroid|x86.ActiveCfg = ReleaseAndroid|Any CPU
		{8AB20A1F-9C72-43B8-9205-0E6B8B2FD20B}.ReleaseAndroid|x86.Build.0 = ReleaseAndroid|Any CPU
		{8AB20A1F-9C72-43B8-9205-0E6B8B2FD20B}.ReleaseES|Any CPU.ActiveCfg = Release|Any CPU
		{8AB20A1F-9C72-43B8-9205-0E6B8B2FD20B}.ReleaseES|Any CPU.Build.0 = Release|Any CPU
		{8AB20A1F-9C72-43B8-9205-0E6B8B2FD20B}.ReleaseES|x64.ActiveCfg = ReleaseES|Any CPU
		{8AB20A1F-9C72-43B8-9205-0E6B8B2FD20B}.ReleaseES|x64.Build.0 = ReleaseES|Any CPU
		{8AB20A1F-9C72-43B8-9205-0E6B8B2FD20B}.ReleaseES|x86.ActiveCfg = ReleaseES|Any CPU
		{8AB20A1F-9C72-43B8-9205-0E6B8B2FD20B}.ReleaseES|x86.Build.0 = ReleaseES|Any CPU
		{6F5FC026-78B2-49C0-9193-43D1E5C20984}.Debug|Any CPU.ActiveCfg = Debug|Any CPU
		{6F5FC026-78B2-49C0-9193-43D1E5C20984}.Debug|Any CPU.Build.0 = Debug|Any CPU
		{6F5FC026-78B2-49C0-9193-43D1E5C20984}.Debug|x64.ActiveCfg = Debug|Any CPU
		{6F5FC026-78B2-49C0-9193-43D1E5C20984}.Debug|x64.Build.0 = Debug|Any CPU
		{6F5FC026-78B2-49C0-9193-43D1E5C20984}.Debug|x86.ActiveCfg = Debug|Any CPU
		{6F5FC026-78B2-49C0-9193-43D1E5C20984}.Debug|x86.Build.0 = Debug|Any CPU
		{6F5FC026-78B2-49C0-9193-43D1E5C20984}.DebugAndroid|Any CPU.ActiveCfg = Debug|Any CPU
		{6F5FC026-78B2-49C0-9193-43D1E5C20984}.DebugAndroid|Any CPU.Build.0 = Debug|Any CPU
		{6F5FC026-78B2-49C0-9193-43D1E5C20984}.DebugAndroid|x64.ActiveCfg = DebugAndroid|Any CPU
		{6F5FC026-78B2-49C0-9193-43D1E5C20984}.DebugAndroid|x64.Build.0 = DebugAndroid|Any CPU
		{6F5FC026-78B2-49C0-9193-43D1E5C20984}.DebugAndroid|x86.ActiveCfg = DebugAndroid|Any CPU
		{6F5FC026-78B2-49C0-9193-43D1E5C20984}.DebugAndroid|x86.Build.0 = DebugAndroid|Any CPU
		{6F5FC026-78B2-49C0-9193-43D1E5C20984}.DebugES|Any CPU.ActiveCfg = Debug|Any CPU
		{6F5FC026-78B2-49C0-9193-43D1E5C20984}.DebugES|Any CPU.Build.0 = Debug|Any CPU
		{6F5FC026-78B2-49C0-9193-43D1E5C20984}.DebugES|x64.ActiveCfg = DebugES|Any CPU
		{6F5FC026-78B2-49C0-9193-43D1E5C20984}.DebugES|x64.Build.0 = DebugES|Any CPU
		{6F5FC026-78B2-49C0-9193-43D1E5C20984}.DebugES|x86.ActiveCfg = DebugES|Any CPU
		{6F5FC026-78B2-49C0-9193-43D1E5C20984}.DebugES|x86.Build.0 = DebugES|Any CPU
		{6F5FC026-78B2-49C0-9193-43D1E5C20984}.Release|Any CPU.ActiveCfg = Release|Any CPU
		{6F5FC026-78B2-49C0-9193-43D1E5C20984}.Release|Any CPU.Build.0 = Release|Any CPU
		{6F5FC026-78B2-49C0-9193-43D1E5C20984}.Release|x64.ActiveCfg = Release|Any CPU
		{6F5FC026-78B2-49C0-9193-43D1E5C20984}.Release|x64.Build.0 = Release|Any CPU
		{6F5FC026-78B2-49C0-9193-43D1E5C20984}.Release|x86.ActiveCfg = Release|Any CPU
		{6F5FC026-78B2-49C0-9193-43D1E5C20984}.Release|x86.Build.0 = Release|Any CPU
		{6F5FC026-78B2-49C0-9193-43D1E5C20984}.ReleaseAndroid|Any CPU.ActiveCfg = Release|Any CPU
		{6F5FC026-78B2-49C0-9193-43D1E5C20984}.ReleaseAndroid|Any CPU.Build.0 = Release|Any CPU
		{6F5FC026-78B2-49C0-9193-43D1E5C20984}.ReleaseAndroid|x64.ActiveCfg = ReleaseAndroid|Any CPU
		{6F5FC026-78B2-49C0-9193-43D1E5C20984}.ReleaseAndroid|x64.Build.0 = ReleaseAndroid|Any CPU
		{6F5FC026-78B2-49C0-9193-43D1E5C20984}.ReleaseAndroid|x86.ActiveCfg = ReleaseAndroid|Any CPU
		{6F5FC026-78B2-49C0-9193-43D1E5C20984}.ReleaseAndroid|x86.Build.0 = ReleaseAndroid|Any CPU
		{6F5FC026-78B2-49C0-9193-43D1E5C20984}.ReleaseES|Any CPU.ActiveCfg = Release|Any CPU
		{6F5FC026-78B2-49C0-9193-43D1E5C20984}.ReleaseES|Any CPU.Build.0 = Release|Any CPU
		{6F5FC026-78B2-49C0-9193-43D1E5C20984}.ReleaseES|x64.ActiveCfg = ReleaseES|Any CPU
		{6F5FC026-78B2-49C0-9193-43D1E5C20984}.ReleaseES|x64.Build.0 = ReleaseES|Any CPU
		{6F5FC026-78B2-49C0-9193-43D1E5C20984}.ReleaseES|x86.ActiveCfg = ReleaseES|Any CPU
		{6F5FC026-78B2-49C0-9193-43D1E5C20984}.ReleaseES|x86.Build.0 = ReleaseES|Any CPU
		{E28E9E5B-ECE5-EF93-7688-843698AED6BD}.Debug|Any CPU.ActiveCfg = Debug|Any CPU
		{E28E9E5B-ECE5-EF93-7688-843698AED6BD}.Debug|Any CPU.Build.0 = Debug|Any CPU
		{E28E9E5B-ECE5-EF93-7688-843698AED6BD}.Debug|x64.ActiveCfg = Debug|Any CPU
		{E28E9E5B-ECE5-EF93-7688-843698AED6BD}.Debug|x64.Build.0 = Debug|Any CPU
		{E28E9E5B-ECE5-EF93-7688-843698AED6BD}.Debug|x86.ActiveCfg = Debug|Any CPU
		{E28E9E5B-ECE5-EF93-7688-843698AED6BD}.Debug|x86.Build.0 = Debug|Any CPU
		{E28E9E5B-ECE5-EF93-7688-843698AED6BD}.DebugAndroid|Any CPU.ActiveCfg = Debug|Any CPU
		{E28E9E5B-ECE5-EF93-7688-843698AED6BD}.DebugAndroid|Any CPU.Build.0 = Debug|Any CPU
		{E28E9E5B-ECE5-EF93-7688-843698AED6BD}.DebugAndroid|x64.ActiveCfg = DebugAndroid|Any CPU
		{E28E9E5B-ECE5-EF93-7688-843698AED6BD}.DebugAndroid|x64.Build.0 = DebugAndroid|Any CPU
		{E28E9E5B-ECE5-EF93-7688-843698AED6BD}.DebugAndroid|x86.ActiveCfg = DebugAndroid|Any CPU
		{E28E9E5B-ECE5-EF93-7688-843698AED6BD}.DebugAndroid|x86.Build.0 = DebugAndroid|Any CPU
		{E28E9E5B-ECE5-EF93-7688-843698AED6BD}.DebugES|Any CPU.ActiveCfg = Debug|Any CPU
		{E28E9E5B-ECE5-EF93-7688-843698AED6BD}.DebugES|Any CPU.Build.0 = Debug|Any CPU
		{E28E9E5B-ECE5-EF93-7688-843698AED6BD}.DebugES|x64.ActiveCfg = DebugES|Any CPU
		{E28E9E5B-ECE5-EF93-7688-843698AED6BD}.DebugES|x64.Build.0 = DebugES|Any CPU
		{E28E9E5B-ECE5-EF93-7688-843698AED6BD}.DebugES|x86.ActiveCfg = DebugES|Any CPU
		{E28E9E5B-ECE5-EF93-7688-843698AED6BD}.DebugES|x86.Build.0 = DebugES|Any CPU
		{E28E9E5B-ECE5-EF93-7688-843698AED6BD}.Release|Any CPU.ActiveCfg = Release|Any CPU
		{E28E9E5B-ECE5-EF93-7688-843698AED6BD}.Release|Any CPU.Build.0 = Release|Any CPU
		{E28E9E5B-ECE5-EF93-7688-843698AED6BD}.Release|x64.ActiveCfg = Release|Any CPU
		{E28E9E5B-ECE5-EF93-7688-843698AED6BD}.Release|x64.Build.0 = Release|Any CPU
		{E28E9E5B-ECE5-EF93-7688-843698AED6BD}.Release|x86.ActiveCfg = Release|Any CPU
		{E28E9E5B-ECE5-EF93-7688-843698AED6BD}.Release|x86.Build.0 = Release|Any CPU
		{E28E9E5B-ECE5-EF93-7688-843698AED6BD}.ReleaseAndroid|Any CPU.ActiveCfg = Release|Any CPU
		{E28E9E5B-ECE5-EF93-7688-843698AED6BD}.ReleaseAndroid|Any CPU.Build.0 = Release|Any CPU
		{E28E9E5B-ECE5-EF93-7688-843698AED6BD}.ReleaseAndroid|x64.ActiveCfg = ReleaseAndroid|Any CPU
		{E28E9E5B-ECE5-EF93-7688-843698AED6BD}.ReleaseAndroid|x64.Build.0 = ReleaseAndroid|Any CPU
		{E28E9E5B-ECE5-EF93-7688-843698AED6BD}.ReleaseAndroid|x86.ActiveCfg = ReleaseAndroid|Any CPU
		{E28E9E5B-ECE5-EF93-7688-843698AED6BD}.ReleaseAndroid|x86.Build.0 = ReleaseAndroid|Any CPU
		{E28E9E5B-ECE5-EF93-7688-843698AED6BD}.ReleaseES|Any CPU.ActiveCfg = Release|Any CPU
		{E28E9E5B-ECE5-EF93-7688-843698AED6BD}.ReleaseES|Any CPU.Build.0 = Release|Any CPU
		{E28E9E5B-ECE5-EF93-7688-843698AED6BD}.ReleaseES|x64.ActiveCfg = ReleaseES|Any CPU
		{E28E9E5B-ECE5-EF93-7688-843698AED6BD}.ReleaseES|x64.Build.0 = ReleaseES|Any CPU
		{E28E9E5B-ECE5-EF93-7688-843698AED6BD}.ReleaseES|x86.ActiveCfg = ReleaseES|Any CPU
		{E28E9E5B-ECE5-EF93-7688-843698AED6BD}.ReleaseES|x86.Build.0 = ReleaseES|Any CPU
		{6ACE7EC5-A744-AF7B-3359-A493949ED71C}.Debug|Any CPU.ActiveCfg = Debug|Any CPU
		{6ACE7EC5-A744-AF7B-3359-A493949ED71C}.Debug|Any CPU.Build.0 = Debug|Any CPU
		{6ACE7EC5-A744-AF7B-3359-A493949ED71C}.Debug|x64.ActiveCfg = Debug|Any CPU
		{6ACE7EC5-A744-AF7B-3359-A493949ED71C}.Debug|x64.Build.0 = Debug|Any CPU
		{6ACE7EC5-A744-AF7B-3359-A493949ED71C}.Debug|x86.ActiveCfg = Debug|Any CPU
		{6ACE7EC5-A744-AF7B-3359-A493949ED71C}.Debug|x86.Build.0 = Debug|Any CPU
		{6ACE7EC5-A744-AF7B-3359-A493949ED71C}.DebugAndroid|Any CPU.ActiveCfg = Debug|Any CPU
		{6ACE7EC5-A744-AF7B-3359-A493949ED71C}.DebugAndroid|Any CPU.Build.0 = Debug|Any CPU
		{6ACE7EC5-A744-AF7B-3359-A493949ED71C}.DebugAndroid|x64.ActiveCfg = DebugAndroid|Any CPU
		{6ACE7EC5-A744-AF7B-3359-A493949ED71C}.DebugAndroid|x64.Build.0 = DebugAndroid|Any CPU
		{6ACE7EC5-A744-AF7B-3359-A493949ED71C}.DebugAndroid|x86.ActiveCfg = DebugAndroid|Any CPU
		{6ACE7EC5-A744-AF7B-3359-A493949ED71C}.DebugAndroid|x86.Build.0 = DebugAndroid|Any CPU
		{6ACE7EC5-A744-AF7B-3359-A493949ED71C}.DebugES|Any CPU.ActiveCfg = Debug|Any CPU
		{6ACE7EC5-A744-AF7B-3359-A493949ED71C}.DebugES|Any CPU.Build.0 = Debug|Any CPU
		{6ACE7EC5-A744-AF7B-3359-A493949ED71C}.DebugES|x64.ActiveCfg = DebugES|Any CPU
		{6ACE7EC5-A744-AF7B-3359-A493949ED71C}.DebugES|x64.Build.0 = DebugES|Any CPU
		{6ACE7EC5-A744-AF7B-3359-A493949ED71C}.DebugES|x86.ActiveCfg = DebugES|Any CPU
		{6ACE7EC5-A744-AF7B-3359-A493949ED71C}.DebugES|x86.Build.0 = DebugES|Any CPU
		{6ACE7EC5-A744-AF7B-3359-A493949ED71C}.Release|Any CPU.ActiveCfg = Release|Any CPU
		{6ACE7EC5-A744-AF7B-3359-A493949ED71C}.Release|Any CPU.Build.0 = Release|Any CPU
		{6ACE7EC5-A744-AF7B-3359-A493949ED71C}.Release|x64.ActiveCfg = Release|Any CPU
		{6ACE7EC5-A744-AF7B-3359-A493949ED71C}.Release|x64.Build.0 = Release|Any CPU
		{6ACE7EC5-A744-AF7B-3359-A493949ED71C}.Release|x86.ActiveCfg = Release|Any CPU
		{6ACE7EC5-A744-AF7B-3359-A493949ED71C}.Release|x86.Build.0 = Release|Any CPU
		{6ACE7EC5-A744-AF7B-3359-A493949ED71C}.ReleaseAndroid|Any CPU.ActiveCfg = Release|Any CPU
		{6ACE7EC5-A744-AF7B-3359-A493949ED71C}.ReleaseAndroid|Any CPU.Build.0 = Release|Any CPU
		{6ACE7EC5-A744-AF7B-3359-A493949ED71C}.ReleaseAndroid|x64.ActiveCfg = ReleaseAndroid|Any CPU
		{6ACE7EC5-A744-AF7B-3359-A493949ED71C}.ReleaseAndroid|x64.Build.0 = ReleaseAndroid|Any CPU
		{6ACE7EC5-A744-AF7B-3359-A493949ED71C}.ReleaseAndroid|x86.ActiveCfg = ReleaseAndroid|Any CPU
		{6ACE7EC5-A744-AF7B-3359-A493949ED71C}.ReleaseAndroid|x86.Build.0 = ReleaseAndroid|Any CPU
		{6ACE7EC5-A744-AF7B-3359-A493949ED71C}.ReleaseES|Any CPU.ActiveCfg = Release|Any CPU
		{6ACE7EC5-A744-AF7B-3359-A493949ED71C}.ReleaseES|Any CPU.Build.0 = Release|Any CPU
		{6ACE7EC5-A744-AF7B-3359-A493949ED71C}.ReleaseES|x64.ActiveCfg = ReleaseES|Any CPU
		{6ACE7EC5-A744-AF7B-3359-A493949ED71C}.ReleaseES|x64.Build.0 = ReleaseES|Any CPU
		{6ACE7EC5-A744-AF7B-3359-A493949ED71C}.ReleaseES|x86.ActiveCfg = ReleaseES|Any CPU
		{6ACE7EC5-A744-AF7B-3359-A493949ED71C}.ReleaseES|x86.Build.0 = ReleaseES|Any CPU
		{4CABEF67-0105-4B9C-8215-CECEEA796DA1}.Debug|Any CPU.ActiveCfg = Debug|Any CPU
		{4CABEF67-0105-4B9C-8215-CECEEA796DA1}.Debug|Any CPU.Build.0 = Debug|Any CPU
		{4CABEF67-0105-4B9C-8215-CECEEA796DA1}.Debug|x64.ActiveCfg = Debug|Any CPU
		{4CABEF67-0105-4B9C-8215-CECEEA796DA1}.Debug|x64.Build.0 = Debug|Any CPU
		{4CABEF67-0105-4B9C-8215-CECEEA796DA1}.Debug|x86.ActiveCfg = Debug|Any CPU
		{4CABEF67-0105-4B9C-8215-CECEEA796DA1}.Debug|x86.Build.0 = Debug|Any CPU
		{4CABEF67-0105-4B9C-8215-CECEEA796DA1}.DebugAndroid|Any CPU.ActiveCfg = Debug|Any CPU
		{4CABEF67-0105-4B9C-8215-CECEEA796DA1}.DebugAndroid|Any CPU.Build.0 = Debug|Any CPU
		{4CABEF67-0105-4B9C-8215-CECEEA796DA1}.DebugAndroid|x64.ActiveCfg = DebugAndroid|Any CPU
		{4CABEF67-0105-4B9C-8215-CECEEA796DA1}.DebugAndroid|x64.Build.0 = DebugAndroid|Any CPU
		{4CABEF67-0105-4B9C-8215-CECEEA796DA1}.DebugAndroid|x86.ActiveCfg = DebugAndroid|Any CPU
		{4CABEF67-0105-4B9C-8215-CECEEA796DA1}.DebugAndroid|x86.Build.0 = DebugAndroid|Any CPU
		{4CABEF67-0105-4B9C-8215-CECEEA796DA1}.DebugES|Any CPU.ActiveCfg = Debug|Any CPU
		{4CABEF67-0105-4B9C-8215-CECEEA796DA1}.DebugES|Any CPU.Build.0 = Debug|Any CPU
		{4CABEF67-0105-4B9C-8215-CECEEA796DA1}.DebugES|x64.ActiveCfg = DebugES|Any CPU
		{4CABEF67-0105-4B9C-8215-CECEEA796DA1}.DebugES|x64.Build.0 = DebugES|Any CPU
		{4CABEF67-0105-4B9C-8215-CECEEA796DA1}.DebugES|x86.ActiveCfg = DebugES|Any CPU
		{4CABEF67-0105-4B9C-8215-CECEEA796DA1}.DebugES|x86.Build.0 = DebugES|Any CPU
		{4CABEF67-0105-4B9C-8215-CECEEA796DA1}.Release|Any CPU.ActiveCfg = Release|Any CPU
		{4CABEF67-0105-4B9C-8215-CECEEA796DA1}.Release|Any CPU.Build.0 = Release|Any CPU
		{4CABEF67-0105-4B9C-8215-CECEEA796DA1}.Release|x64.ActiveCfg = Release|Any CPU
		{4CABEF67-0105-4B9C-8215-CECEEA796DA1}.Release|x64.Build.0 = Release|Any CPU
		{4CABEF67-0105-4B9C-8215-CECEEA796DA1}.Release|x86.ActiveCfg = Release|Any CPU
		{4CABEF67-0105-4B9C-8215-CECEEA796DA1}.Release|x86.Build.0 = Release|Any CPU
		{4CABEF67-0105-4B9C-8215-CECEEA796DA1}.ReleaseAndroid|Any CPU.ActiveCfg = Release|Any CPU
		{4CABEF67-0105-4B9C-8215-CECEEA796DA1}.ReleaseAndroid|Any CPU.Build.0 = Release|Any CPU
		{4CABEF67-0105-4B9C-8215-CECEEA796DA1}.ReleaseAndroid|x64.ActiveCfg = ReleaseAndroid|Any CPU
		{4CABEF67-0105-4B9C-8215-CECEEA796DA1}.ReleaseAndroid|x64.Build.0 = ReleaseAndroid|Any CPU
		{4CABEF67-0105-4B9C-8215-CECEEA796DA1}.ReleaseAndroid|x86.ActiveCfg = ReleaseAndroid|Any CPU
		{4CABEF67-0105-4B9C-8215-CECEEA796DA1}.ReleaseAndroid|x86.Build.0 = ReleaseAndroid|Any CPU
		{4CABEF67-0105-4B9C-8215-CECEEA796DA1}.ReleaseES|Any CPU.ActiveCfg = Release|Any CPU
		{4CABEF67-0105-4B9C-8215-CECEEA796DA1}.ReleaseES|Any CPU.Build.0 = Release|Any CPU
		{4CABEF67-0105-4B9C-8215-CECEEA796DA1}.ReleaseES|x64.ActiveCfg = ReleaseES|Any CPU
		{4CABEF67-0105-4B9C-8215-CECEEA796DA1}.ReleaseES|x64.Build.0 = ReleaseES|Any CPU
		{4CABEF67-0105-4B9C-8215-CECEEA796DA1}.ReleaseES|x86.ActiveCfg = ReleaseES|Any CPU
		{4CABEF67-0105-4B9C-8215-CECEEA796DA1}.ReleaseES|x86.Build.0 = ReleaseES|Any CPU
		{62AD3AA7-AD68-4B02-8AC7-76FDBC72DBE1}.Debug|Any CPU.ActiveCfg = Debug|Any CPU
		{62AD3AA7-AD68-4B02-8AC7-76FDBC72DBE1}.Debug|Any CPU.Build.0 = Debug|Any CPU
		{62AD3AA7-AD68-4B02-8AC7-76FDBC72DBE1}.Debug|x64.ActiveCfg = Debug|Any CPU
		{62AD3AA7-AD68-4B02-8AC7-76FDBC72DBE1}.Debug|x64.Build.0 = Debug|Any CPU
		{62AD3AA7-AD68-4B02-8AC7-76FDBC72DBE1}.Debug|x86.ActiveCfg = Debug|Any CPU
		{62AD3AA7-AD68-4B02-8AC7-76FDBC72DBE1}.Debug|x86.Build.0 = Debug|Any CPU
		{62AD3AA7-AD68-4B02-8AC7-76FDBC72DBE1}.DebugAndroid|Any CPU.ActiveCfg = Debug|Any CPU
		{62AD3AA7-AD68-4B02-8AC7-76FDBC72DBE1}.DebugAndroid|Any CPU.Build.0 = Debug|Any CPU
		{62AD3AA7-AD68-4B02-8AC7-76FDBC72DBE1}.DebugAndroid|x64.ActiveCfg = Debug|Any CPU
		{62AD3AA7-AD68-4B02-8AC7-76FDBC72DBE1}.DebugAndroid|x64.Build.0 = Debug|Any CPU
		{62AD3AA7-AD68-4B02-8AC7-76FDBC72DBE1}.DebugAndroid|x86.ActiveCfg = Debug|Any CPU
		{62AD3AA7-AD68-4B02-8AC7-76FDBC72DBE1}.DebugAndroid|x86.Build.0 = Debug|Any CPU
		{62AD3AA7-AD68-4B02-8AC7-76FDBC72DBE1}.DebugES|Any CPU.ActiveCfg = Debug|Any CPU
		{62AD3AA7-AD68-4B02-8AC7-76FDBC72DBE1}.DebugES|Any CPU.Build.0 = Debug|Any CPU
		{62AD3AA7-AD68-4B02-8AC7-76FDBC72DBE1}.DebugES|x64.ActiveCfg = Debug|Any CPU
		{62AD3AA7-AD68-4B02-8AC7-76FDBC72DBE1}.DebugES|x64.Build.0 = Debug|Any CPU
		{62AD3AA7-AD68-4B02-8AC7-76FDBC72DBE1}.DebugES|x86.ActiveCfg = Debug|Any CPU
		{62AD3AA7-AD68-4B02-8AC7-76FDBC72DBE1}.DebugES|x86.Build.0 = Debug|Any CPU
		{62AD3AA7-AD68-4B02-8AC7-76FDBC72DBE1}.Release|Any CPU.ActiveCfg = Release|Any CPU
		{62AD3AA7-AD68-4B02-8AC7-76FDBC72DBE1}.Release|Any CPU.Build.0 = Release|Any CPU
		{62AD3AA7-AD68-4B02-8AC7-76FDBC72DBE1}.Release|x64.ActiveCfg = Release|Any CPU
		{62AD3AA7-AD68-4B02-8AC7-76FDBC72DBE1}.Release|x64.Build.0 = Release|Any CPU
		{62AD3AA7-AD68-4B02-8AC7-76FDBC72DBE1}.Release|x86.ActiveCfg = Release|Any CPU
		{62AD3AA7-AD68-4B02-8AC7-76FDBC72DBE1}.Release|x86.Build.0 = Release|Any CPU
		{62AD3AA7-AD68-4B02-8AC7-76FDBC72DBE1}.ReleaseAndroid|Any CPU.ActiveCfg = Debug|Any CPU
		{62AD3AA7-AD68-4B02-8AC7-76FDBC72DBE1}.ReleaseAndroid|Any CPU.Build.0 = Debug|Any CPU
		{62AD3AA7-AD68-4B02-8AC7-76FDBC72DBE1}.ReleaseAndroid|x64.ActiveCfg = Debug|Any CPU
		{62AD3AA7-AD68-4B02-8AC7-76FDBC72DBE1}.ReleaseAndroid|x64.Build.0 = Debug|Any CPU
		{62AD3AA7-AD68-4B02-8AC7-76FDBC72DBE1}.ReleaseAndroid|x86.ActiveCfg = Debug|Any CPU
		{62AD3AA7-AD68-4B02-8AC7-76FDBC72DBE1}.ReleaseAndroid|x86.Build.0 = Debug|Any CPU
		{62AD3AA7-AD68-4B02-8AC7-76FDBC72DBE1}.ReleaseES|Any CPU.ActiveCfg = Debug|Any CPU
		{62AD3AA7-AD68-4B02-8AC7-76FDBC72DBE1}.ReleaseES|Any CPU.Build.0 = Debug|Any CPU
		{62AD3AA7-AD68-4B02-8AC7-76FDBC72DBE1}.ReleaseES|x64.ActiveCfg = Debug|Any CPU
		{62AD3AA7-AD68-4B02-8AC7-76FDBC72DBE1}.ReleaseES|x64.Build.0 = Debug|Any CPU
		{62AD3AA7-AD68-4B02-8AC7-76FDBC72DBE1}.ReleaseES|x86.ActiveCfg = Debug|Any CPU
		{62AD3AA7-AD68-4B02-8AC7-76FDBC72DBE1}.ReleaseES|x86.Build.0 = Debug|Any CPU
		{270C7C6F-8E94-4362-A841-9038AC2BE028}.Debug|Any CPU.ActiveCfg = Debug|Any CPU
		{270C7C6F-8E94-4362-A841-9038AC2BE028}.Debug|Any CPU.Build.0 = Debug|Any CPU
		{270C7C6F-8E94-4362-A841-9038AC2BE028}.Debug|x64.ActiveCfg = Debug|Any CPU
		{270C7C6F-8E94-4362-A841-9038AC2BE028}.Debug|x64.Build.0 = Debug|Any CPU
		{270C7C6F-8E94-4362-A841-9038AC2BE028}.Debug|x86.ActiveCfg = Debug|Any CPU
		{270C7C6F-8E94-4362-A841-9038AC2BE028}.Debug|x86.Build.0 = Debug|Any CPU
		{270C7C6F-8E94-4362-A841-9038AC2BE028}.DebugAndroid|Any CPU.ActiveCfg = Debug|Any CPU
		{270C7C6F-8E94-4362-A841-9038AC2BE028}.DebugAndroid|Any CPU.Build.0 = Debug|Any CPU
		{270C7C6F-8E94-4362-A841-9038AC2BE028}.DebugAndroid|x64.ActiveCfg = Debug|Any CPU
		{270C7C6F-8E94-4362-A841-9038AC2BE028}.DebugAndroid|x64.Build.0 = Debug|Any CPU
		{270C7C6F-8E94-4362-A841-9038AC2BE028}.DebugAndroid|x86.ActiveCfg = Debug|Any CPU
		{270C7C6F-8E94-4362-A841-9038AC2BE028}.DebugAndroid|x86.Build.0 = Debug|Any CPU
		{270C7C6F-8E94-4362-A841-9038AC2BE028}.DebugES|Any CPU.ActiveCfg = Debug|Any CPU
		{270C7C6F-8E94-4362-A841-9038AC2BE028}.DebugES|Any CPU.Build.0 = Debug|Any CPU
		{270C7C6F-8E94-4362-A841-9038AC2BE028}.DebugES|x64.ActiveCfg = Debug|Any CPU
		{270C7C6F-8E94-4362-A841-9038AC2BE028}.DebugES|x64.Build.0 = Debug|Any CPU
		{270C7C6F-8E94-4362-A841-9038AC2BE028}.DebugES|x86.ActiveCfg = Debug|Any CPU
		{270C7C6F-8E94-4362-A841-9038AC2BE028}.DebugES|x86.Build.0 = Debug|Any CPU
		{270C7C6F-8E94-4362-A841-9038AC2BE028}.Release|Any CPU.ActiveCfg = Release|Any CPU
		{270C7C6F-8E94-4362-A841-9038AC2BE028}.Release|Any CPU.Build.0 = Release|Any CPU
		{270C7C6F-8E94-4362-A841-9038AC2BE028}.Release|x64.ActiveCfg = Release|Any CPU
		{270C7C6F-8E94-4362-A841-9038AC2BE028}.Release|x64.Build.0 = Release|Any CPU
		{270C7C6F-8E94-4362-A841-9038AC2BE028}.Release|x86.ActiveCfg = Release|Any CPU
		{270C7C6F-8E94-4362-A841-9038AC2BE028}.Release|x86.Build.0 = Release|Any CPU
		{270C7C6F-8E94-4362-A841-9038AC2BE028}.ReleaseAndroid|Any CPU.ActiveCfg = Debug|Any CPU
		{270C7C6F-8E94-4362-A841-9038AC2BE028}.ReleaseAndroid|Any CPU.Build.0 = Debug|Any CPU
		{270C7C6F-8E94-4362-A841-9038AC2BE028}.ReleaseAndroid|x64.ActiveCfg = Debug|Any CPU
		{270C7C6F-8E94-4362-A841-9038AC2BE028}.ReleaseAndroid|x64.Build.0 = Debug|Any CPU
		{270C7C6F-8E94-4362-A841-9038AC2BE028}.ReleaseAndroid|x86.ActiveCfg = Debug|Any CPU
		{270C7C6F-8E94-4362-A841-9038AC2BE028}.ReleaseAndroid|x86.Build.0 = Debug|Any CPU
		{270C7C6F-8E94-4362-A841-9038AC2BE028}.ReleaseES|Any CPU.ActiveCfg = Debug|Any CPU
		{270C7C6F-8E94-4362-A841-9038AC2BE028}.ReleaseES|Any CPU.Build.0 = Debug|Any CPU
		{270C7C6F-8E94-4362-A841-9038AC2BE028}.ReleaseES|x64.ActiveCfg = Debug|Any CPU
		{270C7C6F-8E94-4362-A841-9038AC2BE028}.ReleaseES|x64.Build.0 = Debug|Any CPU
		{270C7C6F-8E94-4362-A841-9038AC2BE028}.ReleaseES|x86.ActiveCfg = Debug|Any CPU
		{270C7C6F-8E94-4362-A841-9038AC2BE028}.ReleaseES|x86.Build.0 = Debug|Any CPU
		{D2ECAB7E-3698-4FA2-823E-AA5255F8B867}.Debug|Any CPU.ActiveCfg = Debug|Any CPU
		{D2ECAB7E-3698-4FA2-823E-AA5255F8B867}.Debug|Any CPU.Build.0 = Debug|Any CPU
		{D2ECAB7E-3698-4FA2-823E-AA5255F8B867}.Debug|x64.ActiveCfg = Debug|Any CPU
		{D2ECAB7E-3698-4FA2-823E-AA5255F8B867}.Debug|x64.Build.0 = Debug|Any CPU
		{D2ECAB7E-3698-4FA2-823E-AA5255F8B867}.Debug|x86.ActiveCfg = Debug|Any CPU
		{D2ECAB7E-3698-4FA2-823E-AA5255F8B867}.Debug|x86.Build.0 = Debug|Any CPU
		{D2ECAB7E-3698-4FA2-823E-AA5255F8B867}.DebugAndroid|Any CPU.ActiveCfg = Debug|Any CPU
		{D2ECAB7E-3698-4FA2-823E-AA5255F8B867}.DebugAndroid|Any CPU.Build.0 = Debug|Any CPU
		{D2ECAB7E-3698-4FA2-823E-AA5255F8B867}.DebugAndroid|x64.ActiveCfg = Debug|Any CPU
		{D2ECAB7E-3698-4FA2-823E-AA5255F8B867}.DebugAndroid|x64.Build.0 = Debug|Any CPU
		{D2ECAB7E-3698-4FA2-823E-AA5255F8B867}.DebugAndroid|x86.ActiveCfg = Debug|Any CPU
		{D2ECAB7E-3698-4FA2-823E-AA5255F8B867}.DebugAndroid|x86.Build.0 = Debug|Any CPU
		{D2ECAB7E-3698-4FA2-823E-AA5255F8B867}.DebugES|Any CPU.ActiveCfg = Debug|Any CPU
		{D2ECAB7E-3698-4FA2-823E-AA5255F8B867}.DebugES|Any CPU.Build.0 = Debug|Any CPU
		{D2ECAB7E-3698-4FA2-823E-AA5255F8B867}.DebugES|x64.ActiveCfg = Debug|Any CPU
		{D2ECAB7E-3698-4FA2-823E-AA5255F8B867}.DebugES|x64.Build.0 = Debug|Any CPU
		{D2ECAB7E-3698-4FA2-823E-AA5255F8B867}.DebugES|x86.ActiveCfg = Debug|Any CPU
		{D2ECAB7E-3698-4FA2-823E-AA5255F8B867}.DebugES|x86.Build.0 = Debug|Any CPU
		{D2ECAB7E-3698-4FA2-823E-AA5255F8B867}.Release|Any CPU.ActiveCfg = Release|Any CPU
		{D2ECAB7E-3698-4FA2-823E-AA5255F8B867}.Release|Any CPU.Build.0 = Release|Any CPU
		{D2ECAB7E-3698-4FA2-823E-AA5255F8B867}.Release|x64.ActiveCfg = Release|Any CPU
		{D2ECAB7E-3698-4FA2-823E-AA5255F8B867}.Release|x64.Build.0 = Release|Any CPU
		{D2ECAB7E-3698-4FA2-823E-AA5255F8B867}.Release|x86.ActiveCfg = Release|Any CPU
		{D2ECAB7E-3698-4FA2-823E-AA5255F8B867}.Release|x86.Build.0 = Release|Any CPU
		{D2ECAB7E-3698-4FA2-823E-AA5255F8B867}.ReleaseAndroid|Any CPU.ActiveCfg = Debug|Any CPU
		{D2ECAB7E-3698-4FA2-823E-AA5255F8B867}.ReleaseAndroid|Any CPU.Build.0 = Debug|Any CPU
		{D2ECAB7E-3698-4FA2-823E-AA5255F8B867}.ReleaseAndroid|x64.ActiveCfg = Debug|Any CPU
		{D2ECAB7E-3698-4FA2-823E-AA5255F8B867}.ReleaseAndroid|x64.Build.0 = Debug|Any CPU
		{D2ECAB7E-3698-4FA2-823E-AA5255F8B867}.ReleaseAndroid|x86.ActiveCfg = Debug|Any CPU
		{D2ECAB7E-3698-4FA2-823E-AA5255F8B867}.ReleaseAndroid|x86.Build.0 = Debug|Any CPU
		{D2ECAB7E-3698-4FA2-823E-AA5255F8B867}.ReleaseES|Any CPU.ActiveCfg = Debug|Any CPU
		{D2ECAB7E-3698-4FA2-823E-AA5255F8B867}.ReleaseES|Any CPU.Build.0 = Debug|Any CPU
		{D2ECAB7E-3698-4FA2-823E-AA5255F8B867}.ReleaseES|x64.ActiveCfg = Debug|Any CPU
		{D2ECAB7E-3698-4FA2-823E-AA5255F8B867}.ReleaseES|x64.Build.0 = Debug|Any CPU
		{D2ECAB7E-3698-4FA2-823E-AA5255F8B867}.ReleaseES|x86.ActiveCfg = Debug|Any CPU
		{D2ECAB7E-3698-4FA2-823E-AA5255F8B867}.ReleaseES|x86.Build.0 = Debug|Any CPU
		{D5B2B714-03C1-4B17-BC35-232E5CCE59C6}.Debug|Any CPU.ActiveCfg = Debug|Any CPU
		{D5B2B714-03C1-4B17-BC35-232E5CCE59C6}.Debug|Any CPU.Build.0 = Debug|Any CPU
		{D5B2B714-03C1-4B17-BC35-232E5CCE59C6}.Debug|x64.ActiveCfg = Debug|Any CPU
		{D5B2B714-03C1-4B17-BC35-232E5CCE59C6}.Debug|x64.Build.0 = Debug|Any CPU
		{D5B2B714-03C1-4B17-BC35-232E5CCE59C6}.Debug|x86.ActiveCfg = Debug|Any CPU
		{D5B2B714-03C1-4B17-BC35-232E5CCE59C6}.Debug|x86.Build.0 = Debug|Any CPU
		{D5B2B714-03C1-4B17-BC35-232E5CCE59C6}.DebugAndroid|Any CPU.ActiveCfg = Debug|Any CPU
		{D5B2B714-03C1-4B17-BC35-232E5CCE59C6}.DebugAndroid|Any CPU.Build.0 = Debug|Any CPU
		{D5B2B714-03C1-4B17-BC35-232E5CCE59C6}.DebugAndroid|x64.ActiveCfg = Debug|Any CPU
		{D5B2B714-03C1-4B17-BC35-232E5CCE59C6}.DebugAndroid|x64.Build.0 = Debug|Any CPU
		{D5B2B714-03C1-4B17-BC35-232E5CCE59C6}.DebugAndroid|x86.ActiveCfg = Debug|Any CPU
		{D5B2B714-03C1-4B17-BC35-232E5CCE59C6}.DebugAndroid|x86.Build.0 = Debug|Any CPU
		{D5B2B714-03C1-4B17-BC35-232E5CCE59C6}.DebugES|Any CPU.ActiveCfg = Debug|Any CPU
		{D5B2B714-03C1-4B17-BC35-232E5CCE59C6}.DebugES|Any CPU.Build.0 = Debug|Any CPU
		{D5B2B714-03C1-4B17-BC35-232E5CCE59C6}.DebugES|x64.ActiveCfg = Debug|Any CPU
		{D5B2B714-03C1-4B17-BC35-232E5CCE59C6}.DebugES|x64.Build.0 = Debug|Any CPU
		{D5B2B714-03C1-4B17-BC35-232E5CCE59C6}.DebugES|x86.ActiveCfg = Debug|Any CPU
		{D5B2B714-03C1-4B17-BC35-232E5CCE59C6}.DebugES|x86.Build.0 = Debug|Any CPU
		{D5B2B714-03C1-4B17-BC35-232E5CCE59C6}.Release|Any CPU.ActiveCfg = Release|Any CPU
		{D5B2B714-03C1-4B17-BC35-232E5CCE59C6}.Release|Any CPU.Build.0 = Release|Any CPU
		{D5B2B714-03C1-4B17-BC35-232E5CCE59C6}.Release|x64.ActiveCfg = Release|Any CPU
		{D5B2B714-03C1-4B17-BC35-232E5CCE59C6}.Release|x64.Build.0 = Release|Any CPU
		{D5B2B714-03C1-4B17-BC35-232E5CCE59C6}.Release|x86.ActiveCfg = Release|Any CPU
		{D5B2B714-03C1-4B17-BC35-232E5CCE59C6}.Release|x86.Build.0 = Release|Any CPU
		{D5B2B714-03C1-4B17-BC35-232E5CCE59C6}.ReleaseAndroid|Any CPU.ActiveCfg = Debug|Any CPU
		{D5B2B714-03C1-4B17-BC35-232E5CCE59C6}.ReleaseAndroid|Any CPU.Build.0 = Debug|Any CPU
		{D5B2B714-03C1-4B17-BC35-232E5CCE59C6}.ReleaseAndroid|x64.ActiveCfg = Debug|Any CPU
		{D5B2B714-03C1-4B17-BC35-232E5CCE59C6}.ReleaseAndroid|x64.Build.0 = Debug|Any CPU
		{D5B2B714-03C1-4B17-BC35-232E5CCE59C6}.ReleaseAndroid|x86.ActiveCfg = Debug|Any CPU
		{D5B2B714-03C1-4B17-BC35-232E5CCE59C6}.ReleaseAndroid|x86.Build.0 = Debug|Any CPU
		{D5B2B714-03C1-4B17-BC35-232E5CCE59C6}.ReleaseES|Any CPU.ActiveCfg = Debug|Any CPU
		{D5B2B714-03C1-4B17-BC35-232E5CCE59C6}.ReleaseES|Any CPU.Build.0 = Debug|Any CPU
		{D5B2B714-03C1-4B17-BC35-232E5CCE59C6}.ReleaseES|x64.ActiveCfg = Debug|Any CPU
		{D5B2B714-03C1-4B17-BC35-232E5CCE59C6}.ReleaseES|x64.Build.0 = Debug|Any CPU
		{D5B2B714-03C1-4B17-BC35-232E5CCE59C6}.ReleaseES|x86.ActiveCfg = Debug|Any CPU
		{D5B2B714-03C1-4B17-BC35-232E5CCE59C6}.ReleaseES|x86.Build.0 = Debug|Any CPU
		{BF90D90F-CE58-458D-BFA8-003A14D52CF5}.Debug|Any CPU.ActiveCfg = Debug|Any CPU
		{BF90D90F-CE58-458D-BFA8-003A14D52CF5}.Debug|Any CPU.Build.0 = Debug|Any CPU
		{BF90D90F-CE58-458D-BFA8-003A14D52CF5}.Debug|x64.ActiveCfg = Debug|Any CPU
		{BF90D90F-CE58-458D-BFA8-003A14D52CF5}.Debug|x64.Build.0 = Debug|Any CPU
		{BF90D90F-CE58-458D-BFA8-003A14D52CF5}.Debug|x86.ActiveCfg = Debug|Any CPU
		{BF90D90F-CE58-458D-BFA8-003A14D52CF5}.Debug|x86.Build.0 = Debug|Any CPU
		{BF90D90F-CE58-458D-BFA8-003A14D52CF5}.DebugAndroid|Any CPU.ActiveCfg = Debug|Any CPU
		{BF90D90F-CE58-458D-BFA8-003A14D52CF5}.DebugAndroid|Any CPU.Build.0 = Debug|Any CPU
		{BF90D90F-CE58-458D-BFA8-003A14D52CF5}.DebugAndroid|x64.ActiveCfg = Debug|Any CPU
		{BF90D90F-CE58-458D-BFA8-003A14D52CF5}.DebugAndroid|x64.Build.0 = Debug|Any CPU
		{BF90D90F-CE58-458D-BFA8-003A14D52CF5}.DebugAndroid|x86.ActiveCfg = Debug|Any CPU
		{BF90D90F-CE58-458D-BFA8-003A14D52CF5}.DebugAndroid|x86.Build.0 = Debug|Any CPU
		{BF90D90F-CE58-458D-BFA8-003A14D52CF5}.DebugES|Any CPU.ActiveCfg = Debug|Any CPU
		{BF90D90F-CE58-458D-BFA8-003A14D52CF5}.DebugES|Any CPU.Build.0 = Debug|Any CPU
		{BF90D90F-CE58-458D-BFA8-003A14D52CF5}.DebugES|x64.ActiveCfg = Debug|Any CPU
		{BF90D90F-CE58-458D-BFA8-003A14D52CF5}.DebugES|x64.Build.0 = Debug|Any CPU
		{BF90D90F-CE58-458D-BFA8-003A14D52CF5}.DebugES|x86.ActiveCfg = Debug|Any CPU
		{BF90D90F-CE58-458D-BFA8-003A14D52CF5}.DebugES|x86.Build.0 = Debug|Any CPU
		{BF90D90F-CE58-458D-BFA8-003A14D52CF5}.Release|Any CPU.ActiveCfg = Release|Any CPU
		{BF90D90F-CE58-458D-BFA8-003A14D52CF5}.Release|Any CPU.Build.0 = Release|Any CPU
		{BF90D90F-CE58-458D-BFA8-003A14D52CF5}.Release|x64.ActiveCfg = Release|Any CPU
		{BF90D90F-CE58-458D-BFA8-003A14D52CF5}.Release|x64.Build.0 = Release|Any CPU
		{BF90D90F-CE58-458D-BFA8-003A14D52CF5}.Release|x86.ActiveCfg = Release|Any CPU
		{BF90D90F-CE58-458D-BFA8-003A14D52CF5}.Release|x86.Build.0 = Release|Any CPU
		{BF90D90F-CE58-458D-BFA8-003A14D52CF5}.ReleaseAndroid|Any CPU.ActiveCfg = Debug|Any CPU
		{BF90D90F-CE58-458D-BFA8-003A14D52CF5}.ReleaseAndroid|Any CPU.Build.0 = Debug|Any CPU
		{BF90D90F-CE58-458D-BFA8-003A14D52CF5}.ReleaseAndroid|x64.ActiveCfg = Debug|Any CPU
		{BF90D90F-CE58-458D-BFA8-003A14D52CF5}.ReleaseAndroid|x64.Build.0 = Debug|Any CPU
		{BF90D90F-CE58-458D-BFA8-003A14D52CF5}.ReleaseAndroid|x86.ActiveCfg = Debug|Any CPU
		{BF90D90F-CE58-458D-BFA8-003A14D52CF5}.ReleaseAndroid|x86.Build.0 = Debug|Any CPU
		{BF90D90F-CE58-458D-BFA8-003A14D52CF5}.ReleaseES|Any CPU.ActiveCfg = Debug|Any CPU
		{BF90D90F-CE58-458D-BFA8-003A14D52CF5}.ReleaseES|Any CPU.Build.0 = Debug|Any CPU
		{BF90D90F-CE58-458D-BFA8-003A14D52CF5}.ReleaseES|x64.ActiveCfg = Debug|Any CPU
		{BF90D90F-CE58-458D-BFA8-003A14D52CF5}.ReleaseES|x64.Build.0 = Debug|Any CPU
		{BF90D90F-CE58-458D-BFA8-003A14D52CF5}.ReleaseES|x86.ActiveCfg = Debug|Any CPU
		{BF90D90F-CE58-458D-BFA8-003A14D52CF5}.ReleaseES|x86.Build.0 = Debug|Any CPU
		{EAA65CC2-D2C7-EC49-3A02-0EA120C08429}.Debug|Any CPU.ActiveCfg = Debug|Any CPU
		{EAA65CC2-D2C7-EC49-3A02-0EA120C08429}.Debug|Any CPU.Build.0 = Debug|Any CPU
		{EAA65CC2-D2C7-EC49-3A02-0EA120C08429}.Debug|x64.ActiveCfg = Debug|Any CPU
		{EAA65CC2-D2C7-EC49-3A02-0EA120C08429}.Debug|x64.Build.0 = Debug|Any CPU
		{EAA65CC2-D2C7-EC49-3A02-0EA120C08429}.Debug|x86.ActiveCfg = Debug|Any CPU
		{EAA65CC2-D2C7-EC49-3A02-0EA120C08429}.Debug|x86.Build.0 = Debug|Any CPU
		{EAA65CC2-D2C7-EC49-3A02-0EA120C08429}.DebugAndroid|Any CPU.ActiveCfg = Debug|Any CPU
		{EAA65CC2-D2C7-EC49-3A02-0EA120C08429}.DebugAndroid|Any CPU.Build.0 = Debug|Any CPU
		{EAA65CC2-D2C7-EC49-3A02-0EA120C08429}.DebugAndroid|x64.ActiveCfg = Debug|Any CPU
		{EAA65CC2-D2C7-EC49-3A02-0EA120C08429}.DebugAndroid|x64.Build.0 = Debug|Any CPU
		{EAA65CC2-D2C7-EC49-3A02-0EA120C08429}.DebugAndroid|x86.ActiveCfg = Debug|Any CPU
		{EAA65CC2-D2C7-EC49-3A02-0EA120C08429}.DebugAndroid|x86.Build.0 = Debug|Any CPU
		{EAA65CC2-D2C7-EC49-3A02-0EA120C08429}.DebugES|Any CPU.ActiveCfg = Debug|Any CPU
		{EAA65CC2-D2C7-EC49-3A02-0EA120C08429}.DebugES|Any CPU.Build.0 = Debug|Any CPU
		{EAA65CC2-D2C7-EC49-3A02-0EA120C08429}.DebugES|x64.ActiveCfg = Debug|Any CPU
		{EAA65CC2-D2C7-EC49-3A02-0EA120C08429}.DebugES|x64.Build.0 = Debug|Any CPU
		{EAA65CC2-D2C7-EC49-3A02-0EA120C08429}.DebugES|x86.ActiveCfg = Debug|Any CPU
		{EAA65CC2-D2C7-EC49-3A02-0EA120C08429}.DebugES|x86.Build.0 = Debug|Any CPU
		{EAA65CC2-D2C7-EC49-3A02-0EA120C08429}.Release|Any CPU.ActiveCfg = Release|Any CPU
		{EAA65CC2-D2C7-EC49-3A02-0EA120C08429}.Release|Any CPU.Build.0 = Release|Any CPU
		{EAA65CC2-D2C7-EC49-3A02-0EA120C08429}.Release|x64.ActiveCfg = Release|Any CPU
		{EAA65CC2-D2C7-EC49-3A02-0EA120C08429}.Release|x64.Build.0 = Release|Any CPU
		{EAA65CC2-D2C7-EC49-3A02-0EA120C08429}.Release|x86.ActiveCfg = Release|Any CPU
		{EAA65CC2-D2C7-EC49-3A02-0EA120C08429}.Release|x86.Build.0 = Release|Any CPU
		{EAA65CC2-D2C7-EC49-3A02-0EA120C08429}.ReleaseAndroid|Any CPU.ActiveCfg = Release|Any CPU
		{EAA65CC2-D2C7-EC49-3A02-0EA120C08429}.ReleaseAndroid|Any CPU.Build.0 = Release|Any CPU
		{EAA65CC2-D2C7-EC49-3A02-0EA120C08429}.ReleaseAndroid|x64.ActiveCfg = Release|Any CPU
		{EAA65CC2-D2C7-EC49-3A02-0EA120C08429}.ReleaseAndroid|x64.Build.0 = Release|Any CPU
		{EAA65CC2-D2C7-EC49-3A02-0EA120C08429}.ReleaseAndroid|x86.ActiveCfg = Release|Any CPU
		{EAA65CC2-D2C7-EC49-3A02-0EA120C08429}.ReleaseAndroid|x86.Build.0 = Release|Any CPU
		{EAA65CC2-D2C7-EC49-3A02-0EA120C08429}.ReleaseES|Any CPU.ActiveCfg = Release|Any CPU
		{EAA65CC2-D2C7-EC49-3A02-0EA120C08429}.ReleaseES|Any CPU.Build.0 = Release|Any CPU
		{EAA65CC2-D2C7-EC49-3A02-0EA120C08429}.ReleaseES|x64.ActiveCfg = Release|Any CPU
		{EAA65CC2-D2C7-EC49-3A02-0EA120C08429}.ReleaseES|x64.Build.0 = Release|Any CPU
		{EAA65CC2-D2C7-EC49-3A02-0EA120C08429}.ReleaseES|x86.ActiveCfg = Release|Any CPU
		{EAA65CC2-D2C7-EC49-3A02-0EA120C08429}.ReleaseES|x86.Build.0 = Release|Any CPU
		{39B6514E-E022-4998-82D7-F9A932B66152}.Debug|Any CPU.ActiveCfg = Debug|Any CPU
		{39B6514E-E022-4998-82D7-F9A932B66152}.Debug|Any CPU.Build.0 = Debug|Any CPU
		{39B6514E-E022-4998-82D7-F9A932B66152}.Debug|x64.ActiveCfg = Debug|Any CPU
		{39B6514E-E022-4998-82D7-F9A932B66152}.Debug|x64.Build.0 = Debug|Any CPU
		{39B6514E-E022-4998-82D7-F9A932B66152}.Debug|x86.ActiveCfg = Debug|Any CPU
		{39B6514E-E022-4998-82D7-F9A932B66152}.Debug|x86.Build.0 = Debug|Any CPU
		{39B6514E-E022-4998-82D7-F9A932B66152}.DebugAndroid|Any CPU.ActiveCfg = Debug|Any CPU
		{39B6514E-E022-4998-82D7-F9A932B66152}.DebugAndroid|Any CPU.Build.0 = Debug|Any CPU
		{39B6514E-E022-4998-82D7-F9A932B66152}.DebugAndroid|x64.ActiveCfg = Debug|Any CPU
		{39B6514E-E022-4998-82D7-F9A932B66152}.DebugAndroid|x64.Build.0 = Debug|Any CPU
		{39B6514E-E022-4998-82D7-F9A932B66152}.DebugAndroid|x86.ActiveCfg = Debug|Any CPU
		{39B6514E-E022-4998-82D7-F9A932B66152}.DebugAndroid|x86.Build.0 = Debug|Any CPU
		{39B6514E-E022-4998-82D7-F9A932B66152}.DebugES|Any CPU.ActiveCfg = Debug|Any CPU
		{39B6514E-E022-4998-82D7-F9A932B66152}.DebugES|Any CPU.Build.0 = Debug|Any CPU
		{39B6514E-E022-4998-82D7-F9A932B66152}.DebugES|x64.ActiveCfg = Debug|Any CPU
		{39B6514E-E022-4998-82D7-F9A932B66152}.DebugES|x64.Build.0 = Debug|Any CPU
		{39B6514E-E022-4998-82D7-F9A932B66152}.DebugES|x86.ActiveCfg = Debug|Any CPU
		{39B6514E-E022-4998-82D7-F9A932B66152}.DebugES|x86.Build.0 = Debug|Any CPU
		{39B6514E-E022-4998-82D7-F9A932B66152}.Release|Any CPU.ActiveCfg = Release|Any CPU
		{39B6514E-E022-4998-82D7-F9A932B66152}.Release|Any CPU.Build.0 = Release|Any CPU
		{39B6514E-E022-4998-82D7-F9A932B66152}.Release|x64.ActiveCfg = Release|Any CPU
		{39B6514E-E022-4998-82D7-F9A932B66152}.Release|x64.Build.0 = Release|Any CPU
		{39B6514E-E022-4998-82D7-F9A932B66152}.Release|x86.ActiveCfg = Release|Any CPU
		{39B6514E-E022-4998-82D7-F9A932B66152}.Release|x86.Build.0 = Release|Any CPU
		{39B6514E-E022-4998-82D7-F9A932B66152}.ReleaseAndroid|Any CPU.ActiveCfg = Debug|Any CPU
		{39B6514E-E022-4998-82D7-F9A932B66152}.ReleaseAndroid|Any CPU.Build.0 = Debug|Any CPU
		{39B6514E-E022-4998-82D7-F9A932B66152}.ReleaseAndroid|x64.ActiveCfg = Debug|Any CPU
		{39B6514E-E022-4998-82D7-F9A932B66152}.ReleaseAndroid|x64.Build.0 = Debug|Any CPU
		{39B6514E-E022-4998-82D7-F9A932B66152}.ReleaseAndroid|x86.ActiveCfg = Debug|Any CPU
		{39B6514E-E022-4998-82D7-F9A932B66152}.ReleaseAndroid|x86.Build.0 = Debug|Any CPU
		{39B6514E-E022-4998-82D7-F9A932B66152}.ReleaseES|Any CPU.ActiveCfg = Debug|Any CPU
		{39B6514E-E022-4998-82D7-F9A932B66152}.ReleaseES|Any CPU.Build.0 = Debug|Any CPU
		{39B6514E-E022-4998-82D7-F9A932B66152}.ReleaseES|x64.ActiveCfg = Debug|Any CPU
		{39B6514E-E022-4998-82D7-F9A932B66152}.ReleaseES|x64.Build.0 = Debug|Any CPU
		{39B6514E-E022-4998-82D7-F9A932B66152}.ReleaseES|x86.ActiveCfg = Debug|Any CPU
		{39B6514E-E022-4998-82D7-F9A932B66152}.ReleaseES|x86.Build.0 = Debug|Any CPU
		{CDED7AA6-18C7-E66B-003A-802571994B94}.Debug|Any CPU.ActiveCfg = Debug|Any CPU
		{CDED7AA6-18C7-E66B-003A-802571994B94}.Debug|Any CPU.Build.0 = Debug|Any CPU
		{CDED7AA6-18C7-E66B-003A-802571994B94}.Debug|x64.ActiveCfg = Debug|Any CPU
		{CDED7AA6-18C7-E66B-003A-802571994B94}.Debug|x64.Build.0 = Debug|Any CPU
		{CDED7AA6-18C7-E66B-003A-802571994B94}.Debug|x86.ActiveCfg = Debug|Any CPU
		{CDED7AA6-18C7-E66B-003A-802571994B94}.Debug|x86.Build.0 = Debug|Any CPU
		{CDED7AA6-18C7-E66B-003A-802571994B94}.DebugAndroid|Any CPU.ActiveCfg = Debug|Any CPU
		{CDED7AA6-18C7-E66B-003A-802571994B94}.DebugAndroid|Any CPU.Build.0 = Debug|Any CPU
		{CDED7AA6-18C7-E66B-003A-802571994B94}.DebugAndroid|x64.ActiveCfg = Debug|Any CPU
		{CDED7AA6-18C7-E66B-003A-802571994B94}.DebugAndroid|x64.Build.0 = Debug|Any CPU
		{CDED7AA6-18C7-E66B-003A-802571994B94}.DebugAndroid|x86.ActiveCfg = Debug|Any CPU
		{CDED7AA6-18C7-E66B-003A-802571994B94}.DebugAndroid|x86.Build.0 = Debug|Any CPU
		{CDED7AA6-18C7-E66B-003A-802571994B94}.DebugES|Any CPU.ActiveCfg = Debug|Any CPU
		{CDED7AA6-18C7-E66B-003A-802571994B94}.DebugES|Any CPU.Build.0 = Debug|Any CPU
		{CDED7AA6-18C7-E66B-003A-802571994B94}.DebugES|x64.ActiveCfg = Debug|Any CPU
		{CDED7AA6-18C7-E66B-003A-802571994B94}.DebugES|x64.Build.0 = Debug|Any CPU
		{CDED7AA6-18C7-E66B-003A-802571994B94}.DebugES|x86.ActiveCfg = Debug|Any CPU
		{CDED7AA6-18C7-E66B-003A-802571994B94}.DebugES|x86.Build.0 = Debug|Any CPU
		{CDED7AA6-18C7-E66B-003A-802571994B94}.Release|Any CPU.ActiveCfg = Release|Any CPU
		{CDED7AA6-18C7-E66B-003A-802571994B94}.Release|Any CPU.Build.0 = Release|Any CPU
		{CDED7AA6-18C7-E66B-003A-802571994B94}.Release|x64.ActiveCfg = Release|Any CPU
		{CDED7AA6-18C7-E66B-003A-802571994B94}.Release|x64.Build.0 = Release|Any CPU
		{CDED7AA6-18C7-E66B-003A-802571994B94}.Release|x86.ActiveCfg = Release|Any CPU
		{CDED7AA6-18C7-E66B-003A-802571994B94}.Release|x86.Build.0 = Release|Any CPU
		{CDED7AA6-18C7-E66B-003A-802571994B94}.ReleaseAndroid|Any CPU.ActiveCfg = Release|Any CPU
		{CDED7AA6-18C7-E66B-003A-802571994B94}.ReleaseAndroid|Any CPU.Build.0 = Release|Any CPU
		{CDED7AA6-18C7-E66B-003A-802571994B94}.ReleaseAndroid|x64.ActiveCfg = Release|Any CPU
		{CDED7AA6-18C7-E66B-003A-802571994B94}.ReleaseAndroid|x64.Build.0 = Release|Any CPU
		{CDED7AA6-18C7-E66B-003A-802571994B94}.ReleaseAndroid|x86.ActiveCfg = Release|Any CPU
		{CDED7AA6-18C7-E66B-003A-802571994B94}.ReleaseAndroid|x86.Build.0 = Release|Any CPU
		{CDED7AA6-18C7-E66B-003A-802571994B94}.ReleaseES|Any CPU.ActiveCfg = Release|Any CPU
		{CDED7AA6-18C7-E66B-003A-802571994B94}.ReleaseES|Any CPU.Build.0 = Release|Any CPU
		{CDED7AA6-18C7-E66B-003A-802571994B94}.ReleaseES|x64.ActiveCfg = Release|Any CPU
		{CDED7AA6-18C7-E66B-003A-802571994B94}.ReleaseES|x64.Build.0 = Release|Any CPU
		{CDED7AA6-18C7-E66B-003A-802571994B94}.ReleaseES|x86.ActiveCfg = Release|Any CPU
		{CDED7AA6-18C7-E66B-003A-802571994B94}.ReleaseES|x86.Build.0 = Release|Any CPU
	EndGlobalSection
	GlobalSection(SolutionProperties) = preSolution
		HideSolutionNode = FALSE
	EndGlobalSection
	GlobalSection(ExtensibilityGlobals) = postSolution
		SolutionGuid = {34A81ACA-8F5E-4504-9340-7B67AF6FB4F8}
	EndGlobalSection
EndGlobal
